// !$*UTF8*$!
{
	archiveVersion = 1;
	classes = {
	};
	objectVersion = 50;
	objects = {

/* Begin PBXBuildFile section */
		DB0D49EC21DFF13000887D3B /* SettingsUserCell.swift in Sources */ = {isa = PBXBuildFile; fileRef = DB0D49EB21DFF13000887D3B /* SettingsUserCell.swift */; };
		DB19C67F21E2870B0020357D /* VerificaCompagniaVC.swift in Sources */ = {isa = PBXBuildFile; fileRef = DB19C67E21E2870B0020357D /* VerificaCompagniaVC.swift */; };
		DB19C68121E2877F0020357D /* VerificaCompagniaView.swift in Sources */ = {isa = PBXBuildFile; fileRef = DB19C68021E2877F0020357D /* VerificaCompagniaView.swift */; };
		DB217D4922184FE0003ED264 /* GenderVC.swift in Sources */ = {isa = PBXBuildFile; fileRef = DB217D4822184FE0003ED264 /* GenderVC.swift */; };
		DB217D4B2218500B003ED264 /* GenderVCView.swift in Sources */ = {isa = PBXBuildFile; fileRef = DB217D4A2218500B003ED264 /* GenderVCView.swift */; };
		DB217D4D22185124003ED264 /* UIBox.swift in Sources */ = {isa = PBXBuildFile; fileRef = DB217D4C22185124003ED264 /* UIBox.swift */; };
		DB217D4F2218557D003ED264 /* GenderBox.swift in Sources */ = {isa = PBXBuildFile; fileRef = DB217D4E2218557D003ED264 /* GenderBox.swift */; };
		DB217D5222188C2D003ED264 /* Coordinator.swift in Sources */ = {isa = PBXBuildFile; fileRef = DB217D5122188C2D003ED264 /* Coordinator.swift */; };
		DB217D5422188D9E003ED264 /* OnboardingCoordinator.swift in Sources */ = {isa = PBXBuildFile; fileRef = DB217D5322188D9E003ED264 /* OnboardingCoordinator.swift */; };
		DB22DA8D21C02F9500E6497D /* DatePickerModel.swift in Sources */ = {isa = PBXBuildFile; fileRef = DB22DA8C21C02F9500E6497D /* DatePickerModel.swift */; };
		DB22DA8F21C03A6300E6497D /* NoteView.swift in Sources */ = {isa = PBXBuildFile; fileRef = DB22DA8E21C03A6300E6497D /* NoteView.swift */; };
		DB22DA9121C03A9200E6497D /* NoteVC.swift in Sources */ = {isa = PBXBuildFile; fileRef = DB22DA9021C03A9200E6497D /* NoteVC.swift */; };
		DB2C316121AC87580009EC14 /* EditRispostaView.swift in Sources */ = {isa = PBXBuildFile; fileRef = DB2C316021AC87580009EC14 /* EditRispostaView.swift */; };
		DB2C316321AC88E20009EC14 /* EditRispostaVC.swift in Sources */ = {isa = PBXBuildFile; fileRef = DB2C316221AC88E20009EC14 /* EditRispostaVC.swift */; };
		DB323B0C223C4A7C00116FE3 /* VerificaCompagnia.swift in Sources */ = {isa = PBXBuildFile; fileRef = DB323B0B223C4A7C00116FE3 /* VerificaCompagnia.swift */; };
		DB323B0F223C56BB00116FE3 /* TeenStar.swift in Sources */ = {isa = PBXBuildFile; fileRef = DB323B0E223C56BB00116FE3 /* TeenStar.swift */; };
		DB323B11223C645800116FE3 /* TeenStarDataSource.swift in Sources */ = {isa = PBXBuildFile; fileRef = DB323B10223C645800116FE3 /* TeenStarDataSource.swift */; };
		DB323B13223D35FB00116FE3 /* TeenStarListSource.swift in Sources */ = {isa = PBXBuildFile; fileRef = DB323B12223D35FB00116FE3 /* TeenStarListSource.swift */; };
		DB323B15223D521300116FE3 /* SitoWeb.swift in Sources */ = {isa = PBXBuildFile; fileRef = DB323B14223D521300116FE3 /* SitoWeb.swift */; };
		DB32449422469AD100116FE3 /* TeenStarMaschioCell.swift in Sources */ = {isa = PBXBuildFile; fileRef = DB32449322469AD100116FE3 /* TeenStarMaschioCell.swift */; };
		DB325EDF21D422D7009ADEFC /* RegisterView.swift in Sources */ = {isa = PBXBuildFile; fileRef = DB325EDE21D422D7009ADEFC /* RegisterView.swift */; };
		DB325EE121D5033C009ADEFC /* RotationLogicNavigationController.swift in Sources */ = {isa = PBXBuildFile; fileRef = DB325EE021D5033C009ADEFC /* RotationLogicNavigationController.swift */; };
		DB4DAC552260FFF700730B2A /* regolaBiennio.json in Resources */ = {isa = PBXBuildFile; fileRef = DB4DAC542260FFF700730B2A /* regolaBiennio.json */; };
		DB4DAC59226124B300730B2A /* regolaMedie.json in Resources */ = {isa = PBXBuildFile; fileRef = DB4DAC58226124B300730B2A /* regolaMedie.json */; };
		DB4DFBC72272662000FAF396 /* verificaBiennio.json in Resources */ = {isa = PBXBuildFile; fileRef = DB4DFBC62272662000FAF396 /* verificaBiennio.json */; };
		DB4DFBC92272688800FAF396 /* verificaTriennio.json in Resources */ = {isa = PBXBuildFile; fileRef = DB4DFBC82272688800FAF396 /* verificaTriennio.json */; };
		DB4F3BBC21F5C34C0040F4C4 /* Themes.swift in Sources */ = {isa = PBXBuildFile; fileRef = DB4F3BBB21F5C34C0040F4C4 /* Themes.swift */; };
		DB4F3BBE21F5CE220040F4C4 /* BasicCell.swift in Sources */ = {isa = PBXBuildFile; fileRef = DB4F3BBD21F5CE220040F4C4 /* BasicCell.swift */; };
		DB4F3BC321F5F2D90040F4C4 /* ThemedNavigationController.swift in Sources */ = {isa = PBXBuildFile; fileRef = DB4F3BC221F5F2D90040F4C4 /* ThemedNavigationController.swift */; };
		DB4F3BC521F5FBC80040F4C4 /* SwitchCell.swift in Sources */ = {isa = PBXBuildFile; fileRef = DB4F3BC421F5FBC80040F4C4 /* SwitchCell.swift */; };
		DB53AB8C21DACA34001961EC /* ColorSliderAlert.swift in Sources */ = {isa = PBXBuildFile; fileRef = DB53AB8B21DACA34001961EC /* ColorSliderAlert.swift */; };
		DB53C76D21DE69620001054B /* EmozioneButton.swift in Sources */ = {isa = PBXBuildFile; fileRef = DB53C76C21DE69620001054B /* EmozioneButton.swift */; };
		DB53C76F21DE699B0001054B /* Emozione.swift in Sources */ = {isa = PBXBuildFile; fileRef = DB53C76E21DE699B0001054B /* Emozione.swift */; };
		DB53C77121DE75E70001054B /* EmozioneTableViewCell.swift in Sources */ = {isa = PBXBuildFile; fileRef = DB53C77021DE75E70001054B /* EmozioneTableViewCell.swift */; };
		DB53C77921DEC57E0001054B /* CicloColorCollectionCell.swift in Sources */ = {isa = PBXBuildFile; fileRef = DB53C77821DEC57E0001054B /* CicloColorCollectionCell.swift */; };
		DB53C78021DFCBF90001054B /* SettingsView.swift in Sources */ = {isa = PBXBuildFile; fileRef = DB53C77F21DFCBF90001054B /* SettingsView.swift */; };
		DB53C78221DFCC3D0001054B /* SettingsVC.swift in Sources */ = {isa = PBXBuildFile; fileRef = DB53C78121DFCC3D0001054B /* SettingsVC.swift */; };
		DB53C78621E0F7E40001054B /* CompagniaAgent.swift in Sources */ = {isa = PBXBuildFile; fileRef = DB53C78521E0F7E40001054B /* CompagniaAgent.swift */; };
		DB53C7AB21E103C90001054B /* verificaMedie.json in Resources */ = {isa = PBXBuildFile; fileRef = DB53C7AA21E103C90001054B /* verificaMedie.json */; };
		DB53C7AD21E3D8380001054B /* CompagniaDomandaCell.swift in Sources */ = {isa = PBXBuildFile; fileRef = DB53C7AC21E3D8380001054B /* CompagniaDomandaCell.swift */; };
		DB5751DC21DA651C00F97D25 /* BoldCell.swift in Sources */ = {isa = PBXBuildFile; fileRef = DB5751DB21DA651C00F97D25 /* BoldCell.swift */; };
		DB5751DE21DA719900F97D25 /* TextEditingBottomBar.swift in Sources */ = {isa = PBXBuildFile; fileRef = DB5751DD21DA719900F97D25 /* TextEditingBottomBar.swift */; };
		DB5751E821DA808000F97D25 /* SizeSliderAlert.swift in Sources */ = {isa = PBXBuildFile; fileRef = DB5751E721DA808000F97D25 /* SizeSliderAlert.swift */; };
		DB61DA1321B5B9ED006B308B /* RegolaFetcherModel.swift in Sources */ = {isa = PBXBuildFile; fileRef = DB61DA1221B5B9ED006B308B /* RegolaFetcherModel.swift */; };
		DB61DA1521B9BA81006B308B /* SitoView.swift in Sources */ = {isa = PBXBuildFile; fileRef = DB61DA1421B9BA81006B308B /* SitoView.swift */; };
		DB61DA1921B9C81E006B308B /* SocialVC.swift in Sources */ = {isa = PBXBuildFile; fileRef = DB61DA1821B9C81E006B308B /* SocialVC.swift */; };
		DB61DA1B21B9C834006B308B /* SocialView.swift in Sources */ = {isa = PBXBuildFile; fileRef = DB61DA1A21B9C834006B308B /* SocialView.swift */; };
		DB644E4D227513310049CB3B /* RegolaDomandaCell.swift in Sources */ = {isa = PBXBuildFile; fileRef = DB644E4C227513310049CB3B /* RegolaDomandaCell.swift */; };
		DB67643421F631A200651AD8 /* SitiNetworkAgentModel.swift in Sources */ = {isa = PBXBuildFile; fileRef = DB67643321F631A200651AD8 /* SitiNetworkAgentModel.swift */; };
		DB67643D21F636D300651AD8 /* SitiMaterialiRequest.swift in Sources */ = {isa = PBXBuildFile; fileRef = DB67643C21F636D300651AD8 /* SitiMaterialiRequest.swift */; };
		DB67644121F6389000651AD8 /* SitiNetworkResponse.swift in Sources */ = {isa = PBXBuildFile; fileRef = DB67644021F6389000651AD8 /* SitiNetworkResponse.swift */; };
		DB67644321F63CC400651AD8 /* SitiAgentModel.swift in Sources */ = {isa = PBXBuildFile; fileRef = DB67644221F63CC400651AD8 /* SitiAgentModel.swift */; };
		DB75F2EC225D2EE700EB62DF /* RiassuntoRDVDataSource.swift in Sources */ = {isa = PBXBuildFile; fileRef = DB75F2EB225D2EE700EB62DF /* RiassuntoRDVDataSource.swift */; };
		DB75F2EF225D3C0300EB62DF /* DebugVC.swift in Sources */ = {isa = PBXBuildFile; fileRef = DB75F2EE225D3C0300EB62DF /* DebugVC.swift */; };
		DB7BEF8621D006A0007A550E /* KeychainItemAccessibility.swift in Sources */ = {isa = PBXBuildFile; fileRef = DB7BEF8421D006A0007A550E /* KeychainItemAccessibility.swift */; };
		DB7BEF8721D006A0007A550E /* KeychainWrapper.swift in Sources */ = {isa = PBXBuildFile; fileRef = DB7BEF8521D006A0007A550E /* KeychainWrapper.swift */; };
		DB7BEF8921D01442007A550E /* User.swift in Sources */ = {isa = PBXBuildFile; fileRef = DB7BEF8821D01442007A550E /* User.swift */; };
		DB7BEF8B21D01670007A550E /* NetworkAgent.swift in Sources */ = {isa = PBXBuildFile; fileRef = DB7BEF8A21D01670007A550E /* NetworkAgent.swift */; };
		DB7BEF8D21D0172E007A550E /* URLs.swift in Sources */ = {isa = PBXBuildFile; fileRef = DB7BEF8C21D0172E007A550E /* URLs.swift */; };
		DB7BEF8F21D01920007A550E /* ToxNetworkResponse.swift in Sources */ = {isa = PBXBuildFile; fileRef = DB7BEF8E21D01920007A550E /* ToxNetworkResponse.swift */; };
		DB7BEF9121D02128007A550E /* ToxNetworkRequest.swift in Sources */ = {isa = PBXBuildFile; fileRef = DB7BEF9021D02128007A550E /* ToxNetworkRequest.swift */; };
		DB88DBDF21A96E6F00B0699B /* HomeViewController.swift in Sources */ = {isa = PBXBuildFile; fileRef = DB88DBDE21A96E6F00B0699B /* HomeViewController.swift */; };
		DB88DBE821A975C100B0699B /* SpinerLayer.swift in Sources */ = {isa = PBXBuildFile; fileRef = DB88DBE321A975C100B0699B /* SpinerLayer.swift */; };
		DB88DBE921A975C100B0699B /* CGRectEx.swift in Sources */ = {isa = PBXBuildFile; fileRef = DB88DBE421A975C100B0699B /* CGRectEx.swift */; };
		DB88DBEA21A975C100B0699B /* TransitionSubmitButton.swift in Sources */ = {isa = PBXBuildFile; fileRef = DB88DBE521A975C100B0699B /* TransitionSubmitButton.swift */; };
		DB88DBEB21A975C100B0699B /* FadeTransition.swift in Sources */ = {isa = PBXBuildFile; fileRef = DB88DBE621A975C100B0699B /* FadeTransition.swift */; };
		DB88DBEC21A975C100B0699B /* TimerEx.swift in Sources */ = {isa = PBXBuildFile; fileRef = DB88DBE721A975C100B0699B /* TimerEx.swift */; };
		DB88DBEE21A97F4400B0699B /* RootAppTabBarController.swift in Sources */ = {isa = PBXBuildFile; fileRef = DB88DBED21A97F4400B0699B /* RootAppTabBarController.swift */; };
		DB88DBF721AAF3AD00B0699B /* regolaTriennio.json in Resources */ = {isa = PBXBuildFile; fileRef = DB88DBF621AAF3AD00B0699B /* regolaTriennio.json */; };
		DB88DBF921AB2BE000B0699B /* DomandeVC.swift in Sources */ = {isa = PBXBuildFile; fileRef = DB88DBF821AB2BE000B0699B /* DomandeVC.swift */; };
		DB88DBFB21AB2C0D00B0699B /* DomandeView.swift in Sources */ = {isa = PBXBuildFile; fileRef = DB88DBFA21AB2C0D00B0699B /* DomandeView.swift */; };
		DB88DBFF21AB315200B0699B /* RegolaCategorieVC.swift in Sources */ = {isa = PBXBuildFile; fileRef = DB88DBFE21AB315200B0699B /* RegolaCategorieVC.swift */; };
		DB88DC0121AB318400B0699B /* RegoleCategorieView.swift in Sources */ = {isa = PBXBuildFile; fileRef = DB88DC0021AB318400B0699B /* RegoleCategorieView.swift */; };
		DB8B4E08227D911000AFF716 /* InfoVC.swift in Sources */ = {isa = PBXBuildFile; fileRef = DB8B4E07227D911000AFF716 /* InfoVC.swift */; };
		DB8B4E0A227D912A00AFF716 /* InfoView.swift in Sources */ = {isa = PBXBuildFile; fileRef = DB8B4E09227D912A00AFF716 /* InfoView.swift */; };
		DB8B4E0C227D962E00AFF716 /* welcomeText.rtf in Resources */ = {isa = PBXBuildFile; fileRef = DB8B4E0B227D962E00AFF716 /* welcomeText.rtf */; };
		DB8B860B224AA5A000C58055 /* DZNEmptyDataSet.framework in Frameworks */ = {isa = PBXBuildFile; fileRef = DBC7F4E12219B8DE00C22945 /* DZNEmptyDataSet.framework */; };
		DB8B8611224AA5A000C58055 /* ColorSlider.framework in Frameworks */ = {isa = PBXBuildFile; fileRef = DB8B860C224AA5A000C58055 /* ColorSlider.framework */; };
		DB8B8612224AA5A000C58055 /* SwiftEntryKit.framework in Frameworks */ = {isa = PBXBuildFile; fileRef = DB8B860D224AA5A000C58055 /* SwiftEntryKit.framework */; };
		DB8B8613224AA5A000C58055 /* QuickLayout.framework in Frameworks */ = {isa = PBXBuildFile; fileRef = DB8B860E224AA5A000C58055 /* QuickLayout.framework */; };
		DB8B8614224AA5A000C58055 /* RealmSwift.framework in Frameworks */ = {isa = PBXBuildFile; fileRef = DB8B860F224AA5A000C58055 /* RealmSwift.framework */; };
		DB8B8615224AA5A000C58055 /* Realm.framework in Frameworks */ = {isa = PBXBuildFile; fileRef = DB8B8610224AA5A000C58055 /* Realm.framework */; };
		DB8B8617224D1E7300C58055 /* DatePickerCell.swift in Sources */ = {isa = PBXBuildFile; fileRef = DB8B8616224D1E7300C58055 /* DatePickerCell.swift */; };
		DB9A19BF21D5148E00C05755 /* NoteListVC.swift in Sources */ = {isa = PBXBuildFile; fileRef = DB9A19BE21D5148E00C05755 /* NoteListVC.swift */; };
		DB9A19C121D514A900C05755 /* NoteListView.swift in Sources */ = {isa = PBXBuildFile; fileRef = DB9A19C021D514A900C05755 /* NoteListView.swift */; };
		DBAAE2AD21A5ACCF00211CBF /* WelcomeVC.storyboard in Resources */ = {isa = PBXBuildFile; fileRef = DBAAE2AC21A5ACCF00211CBF /* WelcomeVC.storyboard */; };
		DBAAE2AF21A5B3B000211CBF /* WelcomePageVC.swift in Sources */ = {isa = PBXBuildFile; fileRef = DBAAE2AE21A5B3B000211CBF /* WelcomePageVC.swift */; };
		DBAAE2B121A5C3FA00211CBF /* NotificheVC.storyboard in Resources */ = {isa = PBXBuildFile; fileRef = DBAAE2B021A5C3FA00211CBF /* NotificheVC.storyboard */; };
		DBAAE2B321A5C53700211CBF /* NotificheVC.swift in Sources */ = {isa = PBXBuildFile; fileRef = DBAAE2B221A5C53700211CBF /* NotificheVC.swift */; };
		DBAAE2BB21A5D26800211CBF /* WelcomeVC.swift in Sources */ = {isa = PBXBuildFile; fileRef = DBAAE2BA21A5D26800211CBF /* WelcomeVC.swift */; };
		DBAAE2BD21A5E9DA00211CBF /* CircularThings.swift in Sources */ = {isa = PBXBuildFile; fileRef = DBAAE2BC21A5E9DA00211CBF /* CircularThings.swift */; };
		DBAF3C02219C9019003083EA /* AppDelegate.swift in Sources */ = {isa = PBXBuildFile; fileRef = DBAF3C01219C9019003083EA /* AppDelegate.swift */; };
		DBAF3C0A219C9019003083EA /* SFA.xcdatamodeld in Sources */ = {isa = PBXBuildFile; fileRef = DBAF3C08219C9019003083EA /* SFA.xcdatamodeld */; };
		DBAF3C0C219C901B003083EA /* Assets.xcassets in Resources */ = {isa = PBXBuildFile; fileRef = DBAF3C0B219C901B003083EA /* Assets.xcassets */; };
		DBAF3C0F219C901B003083EA /* LaunchScreen.storyboard in Resources */ = {isa = PBXBuildFile; fileRef = DBAF3C0D219C901B003083EA /* LaunchScreen.storyboard */; };
		DBAF3C19219C9203003083EA /* Costanti.swift in Sources */ = {isa = PBXBuildFile; fileRef = DBAF3C18219C9203003083EA /* Costanti.swift */; };
		DBAF3C1E219C9478003083EA /* Protocolli.swift in Sources */ = {isa = PBXBuildFile; fileRef = DBAF3C1D219C9478003083EA /* Protocolli.swift */; };
		DBAF3C24219C9F6A003083EA /* Extensions.swift in Sources */ = {isa = PBXBuildFile; fileRef = DBAF3C23219C9F6A003083EA /* Extensions.swift */; };
		DBAF3C3D219CBF35003083EA /* IQTextView.swift in Sources */ = {isa = PBXBuildFile; fileRef = DBAF3C27219CBF35003083EA /* IQTextView.swift */; };
		DBAF3C3E219CBF35003083EA /* IQPreviousNextView.swift in Sources */ = {isa = PBXBuildFile; fileRef = DBAF3C29219CBF35003083EA /* IQPreviousNextView.swift */; };
		DBAF3C3F219CBF35003083EA /* IQTitleBarButtonItem.swift in Sources */ = {isa = PBXBuildFile; fileRef = DBAF3C2A219CBF35003083EA /* IQTitleBarButtonItem.swift */; };
		DBAF3C40219CBF35003083EA /* IQBarButtonItem.swift in Sources */ = {isa = PBXBuildFile; fileRef = DBAF3C2B219CBF35003083EA /* IQBarButtonItem.swift */; };
		DBAF3C41219CBF35003083EA /* IQToolbar.swift in Sources */ = {isa = PBXBuildFile; fileRef = DBAF3C2C219CBF35003083EA /* IQToolbar.swift */; };
		DBAF3C42219CBF35003083EA /* IQUIView+IQKeyboardToolbar.swift in Sources */ = {isa = PBXBuildFile; fileRef = DBAF3C2D219CBF35003083EA /* IQUIView+IQKeyboardToolbar.swift */; };
		DBAF3C43219CBF35003083EA /* IQInvocation.swift in Sources */ = {isa = PBXBuildFile; fileRef = DBAF3C2E219CBF35003083EA /* IQInvocation.swift */; };
		DBAF3C44219CBF35003083EA /* IQKeyboardManagerConstantsInternal.swift in Sources */ = {isa = PBXBuildFile; fileRef = DBAF3C30219CBF35003083EA /* IQKeyboardManagerConstantsInternal.swift */; };
		DBAF3C45219CBF35003083EA /* IQKeyboardManagerConstants.swift in Sources */ = {isa = PBXBuildFile; fileRef = DBAF3C31219CBF35003083EA /* IQKeyboardManagerConstants.swift */; };
		DBAF3C46219CBF35003083EA /* IQKeyboardManager.bundle in Resources */ = {isa = PBXBuildFile; fileRef = DBAF3C33219CBF35003083EA /* IQKeyboardManager.bundle */; };
		DBAF3C47219CBF35003083EA /* IQKeyboardReturnKeyHandler.swift in Sources */ = {isa = PBXBuildFile; fileRef = DBAF3C34219CBF35003083EA /* IQKeyboardReturnKeyHandler.swift */; };
		DBAF3C48219CBF35003083EA /* IQKeyboardManager.swift in Sources */ = {isa = PBXBuildFile; fileRef = DBAF3C35219CBF35003083EA /* IQKeyboardManager.swift */; };
		DBAF3C49219CBF35003083EA /* IQUIScrollView+Additions.swift in Sources */ = {isa = PBXBuildFile; fileRef = DBAF3C38219CBF35003083EA /* IQUIScrollView+Additions.swift */; };
		DBAF3C4A219CBF35003083EA /* IQUIViewController+Additions.swift in Sources */ = {isa = PBXBuildFile; fileRef = DBAF3C39219CBF35003083EA /* IQUIViewController+Additions.swift */; };
		DBAF3C4B219CBF35003083EA /* IQUITextFieldView+Additions.swift in Sources */ = {isa = PBXBuildFile; fileRef = DBAF3C3A219CBF35003083EA /* IQUITextFieldView+Additions.swift */; };
		DBAF3C4C219CBF35003083EA /* IQUIView+Hierarchy.swift in Sources */ = {isa = PBXBuildFile; fileRef = DBAF3C3B219CBF35003083EA /* IQUIView+Hierarchy.swift */; };
		DBAF3C4D219CBF35003083EA /* IQNSArray+Sort.swift in Sources */ = {isa = PBXBuildFile; fileRef = DBAF3C3C219CBF35003083EA /* IQNSArray+Sort.swift */; };
		DBBBDC5021F5016D00C9F54A /* BouncyView.swift in Sources */ = {isa = PBXBuildFile; fileRef = DBBBDC4F21F5016D00C9F54A /* BouncyView.swift */; };
		DBBE6FC621F8EEA80001875A /* TextCell.swift in Sources */ = {isa = PBXBuildFile; fileRef = DBBE6FC521F8EEA80001875A /* TextCell.swift */; };
		DBC42ED6227C704A006FDAFE /* TeenStarListFemminaCell.swift in Sources */ = {isa = PBXBuildFile; fileRef = DB53C77621DEB9E10001054B /* TeenStarListFemminaCell.swift */; };
		DBC7F4C92218ACAB00C22945 /* OrderedFlowCoordinator.swift in Sources */ = {isa = PBXBuildFile; fileRef = DBC7F4C82218ACAB00C22945 /* OrderedFlowCoordinator.swift */; };
		DBC7F4CB2219898100C22945 /* GradoScuolaVC.swift in Sources */ = {isa = PBXBuildFile; fileRef = DBC7F4CA2219898100C22945 /* GradoScuolaVC.swift */; };
		DBC7F4CD22198A0A00C22945 /* GradoScuolaView.swift in Sources */ = {isa = PBXBuildFile; fileRef = DBC7F4CC22198A0A00C22945 /* GradoScuolaView.swift */; };
		DBC7F4DC2219AEC500C22945 /* NotificheOnboardingVC.swift in Sources */ = {isa = PBXBuildFile; fileRef = DBC7F4DB2219AEC500C22945 /* NotificheOnboardingVC.swift */; };
		DBC7F4DF2219AFA900C22945 /* HomeView.swift in Sources */ = {isa = PBXBuildFile; fileRef = DBC7F4DE2219AFA900C22945 /* HomeView.swift */; };
		DBCE9ED021EFB247005B286A /* VerificaCompagniaDataSource.swift in Sources */ = {isa = PBXBuildFile; fileRef = DBCE9ECF21EFB247005B286A /* VerificaCompagniaDataSource.swift */; };
		DBCF2F3A21F79E410074E0AF /* SitiVC.swift in Sources */ = {isa = PBXBuildFile; fileRef = DBCF2F3921F79E410074E0AF /* SitiVC.swift */; };
		DBCF2F3C21F79E7E0074E0AF /* SitiListView.swift in Sources */ = {isa = PBXBuildFile; fileRef = DBCF2F3B21F79E7E0074E0AF /* SitiListView.swift */; };
		DBCF2F3E21F7BC410074E0AF /* SitiDataSource.swift in Sources */ = {isa = PBXBuildFile; fileRef = DBCF2F3D21F7BC410074E0AF /* SitiDataSource.swift */; };
		DBCF2F4021F7C5050074E0AF /* SitoCell.swift in Sources */ = {isa = PBXBuildFile; fileRef = DBCF2F3F21F7C5050074E0AF /* SitoCell.swift */; };
		DBD1DA3021CFE35100BFFBA5 /* LoginView.swift in Sources */ = {isa = PBXBuildFile; fileRef = DBD1DA2F21CFE35100BFFBA5 /* LoginView.swift */; };
		DBD9011A2235AB9E007F37F0 /* NotesDataSource.swift in Sources */ = {isa = PBXBuildFile; fileRef = DBD901192235AB9E007F37F0 /* NotesDataSource.swift */; };
		DBDC3B2D225B988200D019EA /* HeaderView.swift in Sources */ = {isa = PBXBuildFile; fileRef = DBDC3B2C225B988200D019EA /* HeaderView.swift */; };
		DBDC3B30225B9CC600D019EA /* RiassuntoView.swift in Sources */ = {isa = PBXBuildFile; fileRef = DBDC3B2F225B9CC600D019EA /* RiassuntoView.swift */; };
		DBDC3B32225BA88900D019EA /* RiassuntoVC.swift in Sources */ = {isa = PBXBuildFile; fileRef = DBDC3B31225BA88900D019EA /* RiassuntoVC.swift */; };
		DBE6070721F261BD00E10422 /* UIBouncyButton.swift in Sources */ = {isa = PBXBuildFile; fileRef = DBE6070621F261BD00E10422 /* UIBouncyButton.swift */; };
		DBE6070921F27AA200E10422 /* WelcomeView.swift in Sources */ = {isa = PBXBuildFile; fileRef = DBE6070821F27AA200E10422 /* WelcomeView.swift */; };
		DBF3A2AC21DD723B008AE7D5 /* TeenStarListVC.swift in Sources */ = {isa = PBXBuildFile; fileRef = DBF3A2AB21DD723B008AE7D5 /* TeenStarListVC.swift */; };
		DBF3A2B021DD73D0008AE7D5 /* TeenStarModel.swift in Sources */ = {isa = PBXBuildFile; fileRef = DBF3A2AF21DD73D0008AE7D5 /* TeenStarModel.swift */; };
		DBF3A2B221DD81D1008AE7D5 /* TeenStarEditEntryVC.swift in Sources */ = {isa = PBXBuildFile; fileRef = DBF3A2B121DD81D1008AE7D5 /* TeenStarEditEntryVC.swift */; };
		DBF3A2B421DD81F5008AE7D5 /* TeenStarEditEntryView.swift in Sources */ = {isa = PBXBuildFile; fileRef = DBF3A2B321DD81F5008AE7D5 /* TeenStarEditEntryView.swift */; };
		DBF5C1A522330D070086E9E7 /* RegolaVita.swift in Sources */ = {isa = PBXBuildFile; fileRef = DBF5C1A422330D070086E9E7 /* RegolaVita.swift */; };
		DBF5C1A7223443870086E9E7 /* Note.swift in Sources */ = {isa = PBXBuildFile; fileRef = DBF5C1A6223443870086E9E7 /* Note.swift */; };
		DBF67B242205B293002CF893 /* SitiPreghiereRequest.swift in Sources */ = {isa = PBXBuildFile; fileRef = DBF67B232205B293002CF893 /* SitiPreghiereRequest.swift */; };
		DBFA57442279CFC100D60E8E /* TeenStarFemminaCell.swift in Sources */ = {isa = PBXBuildFile; fileRef = DBFA57432279CFC100D60E8E /* TeenStarFemminaCell.swift */; };
		DBFE97FA21D57CD500E82803 /* NoteModel.swift in Sources */ = {isa = PBXBuildFile; fileRef = DBFE97F921D57CD500E82803 /* NoteModel.swift */; };
/* End PBXBuildFile section */

/* Begin PBXFileReference section */
		DB060C8722149B13003E0C96 /* LoginNetworkRequest.swift */ = {isa = PBXFileReference; lastKnownFileType = sourcecode.swift; path = LoginNetworkRequest.swift; sourceTree = "<group>"; };
		DB0D49EB21DFF13000887D3B /* SettingsUserCell.swift */ = {isa = PBXFileReference; lastKnownFileType = sourcecode.swift; path = SettingsUserCell.swift; sourceTree = "<group>"; };
		DB19C67E21E2870B0020357D /* VerificaCompagniaVC.swift */ = {isa = PBXFileReference; lastKnownFileType = sourcecode.swift; path = VerificaCompagniaVC.swift; sourceTree = "<group>"; };
		DB19C68021E2877F0020357D /* VerificaCompagniaView.swift */ = {isa = PBXFileReference; lastKnownFileType = sourcecode.swift; path = VerificaCompagniaView.swift; sourceTree = "<group>"; };
		DB217D4822184FE0003ED264 /* GenderVC.swift */ = {isa = PBXFileReference; lastKnownFileType = sourcecode.swift; path = GenderVC.swift; sourceTree = "<group>"; };
		DB217D4A2218500B003ED264 /* GenderVCView.swift */ = {isa = PBXFileReference; lastKnownFileType = sourcecode.swift; path = GenderVCView.swift; sourceTree = "<group>"; };
		DB217D4C22185124003ED264 /* UIBox.swift */ = {isa = PBXFileReference; lastKnownFileType = sourcecode.swift; path = UIBox.swift; sourceTree = "<group>"; };
		DB217D4E2218557D003ED264 /* GenderBox.swift */ = {isa = PBXFileReference; lastKnownFileType = sourcecode.swift; path = GenderBox.swift; sourceTree = "<group>"; };
		DB217D5122188C2D003ED264 /* Coordinator.swift */ = {isa = PBXFileReference; lastKnownFileType = sourcecode.swift; path = Coordinator.swift; sourceTree = "<group>"; };
		DB217D5322188D9E003ED264 /* OnboardingCoordinator.swift */ = {isa = PBXFileReference; lastKnownFileType = sourcecode.swift; path = OnboardingCoordinator.swift; sourceTree = "<group>"; };
		DB22DA8C21C02F9500E6497D /* DatePickerModel.swift */ = {isa = PBXFileReference; lastKnownFileType = sourcecode.swift; path = DatePickerModel.swift; sourceTree = "<group>"; };
		DB22DA8E21C03A6300E6497D /* NoteView.swift */ = {isa = PBXFileReference; lastKnownFileType = sourcecode.swift; path = NoteView.swift; sourceTree = "<group>"; };
		DB22DA9021C03A9200E6497D /* NoteVC.swift */ = {isa = PBXFileReference; lastKnownFileType = sourcecode.swift; path = NoteVC.swift; sourceTree = "<group>"; };
		DB2C316021AC87580009EC14 /* EditRispostaView.swift */ = {isa = PBXFileReference; lastKnownFileType = sourcecode.swift; path = EditRispostaView.swift; sourceTree = "<group>"; };
		DB2C316221AC88E20009EC14 /* EditRispostaVC.swift */ = {isa = PBXFileReference; lastKnownFileType = sourcecode.swift; path = EditRispostaVC.swift; sourceTree = "<group>"; };
		DB323B0B223C4A7C00116FE3 /* VerificaCompagnia.swift */ = {isa = PBXFileReference; lastKnownFileType = sourcecode.swift; path = VerificaCompagnia.swift; sourceTree = "<group>"; };
		DB323B0E223C56BB00116FE3 /* TeenStar.swift */ = {isa = PBXFileReference; lastKnownFileType = sourcecode.swift; path = TeenStar.swift; sourceTree = "<group>"; };
		DB323B10223C645800116FE3 /* TeenStarDataSource.swift */ = {isa = PBXFileReference; lastKnownFileType = sourcecode.swift; path = TeenStarDataSource.swift; sourceTree = "<group>"; };
		DB323B12223D35FB00116FE3 /* TeenStarListSource.swift */ = {isa = PBXFileReference; lastKnownFileType = sourcecode.swift; path = TeenStarListSource.swift; sourceTree = "<group>"; };
		DB323B14223D521300116FE3 /* SitoWeb.swift */ = {isa = PBXFileReference; lastKnownFileType = sourcecode.swift; path = SitoWeb.swift; sourceTree = "<group>"; };
		DB32449322469AD100116FE3 /* TeenStarMaschioCell.swift */ = {isa = PBXFileReference; lastKnownFileType = sourcecode.swift; path = TeenStarMaschioCell.swift; sourceTree = "<group>"; };
		DB325EDE21D422D7009ADEFC /* RegisterView.swift */ = {isa = PBXFileReference; lastKnownFileType = sourcecode.swift; path = RegisterView.swift; sourceTree = "<group>"; };
		DB325EE021D5033C009ADEFC /* RotationLogicNavigationController.swift */ = {isa = PBXFileReference; lastKnownFileType = sourcecode.swift; path = RotationLogicNavigationController.swift; sourceTree = "<group>"; };
		DB4DAC542260FFF700730B2A /* regolaBiennio.json */ = {isa = PBXFileReference; lastKnownFileType = text.json; path = regolaBiennio.json; sourceTree = "<group>"; };
		DB4DAC58226124B300730B2A /* regolaMedie.json */ = {isa = PBXFileReference; lastKnownFileType = text.json; path = regolaMedie.json; sourceTree = "<group>"; };
		DB4DFBC62272662000FAF396 /* verificaBiennio.json */ = {isa = PBXFileReference; lastKnownFileType = text.json; path = verificaBiennio.json; sourceTree = "<group>"; };
		DB4DFBC82272688800FAF396 /* verificaTriennio.json */ = {isa = PBXFileReference; lastKnownFileType = text.json; path = verificaTriennio.json; sourceTree = "<group>"; };
		DB4F3BBB21F5C34C0040F4C4 /* Themes.swift */ = {isa = PBXFileReference; lastKnownFileType = sourcecode.swift; path = Themes.swift; sourceTree = "<group>"; };
		DB4F3BBD21F5CE220040F4C4 /* BasicCell.swift */ = {isa = PBXFileReference; lastKnownFileType = sourcecode.swift; path = BasicCell.swift; sourceTree = "<group>"; };
		DB4F3BC221F5F2D90040F4C4 /* ThemedNavigationController.swift */ = {isa = PBXFileReference; lastKnownFileType = sourcecode.swift; path = ThemedNavigationController.swift; sourceTree = "<group>"; };
		DB4F3BC421F5FBC80040F4C4 /* SwitchCell.swift */ = {isa = PBXFileReference; lastKnownFileType = sourcecode.swift; path = SwitchCell.swift; sourceTree = "<group>"; };
		DB53AB8B21DACA34001961EC /* ColorSliderAlert.swift */ = {isa = PBXFileReference; lastKnownFileType = sourcecode.swift; path = ColorSliderAlert.swift; sourceTree = "<group>"; };
		DB53C76C21DE69620001054B /* EmozioneButton.swift */ = {isa = PBXFileReference; lastKnownFileType = sourcecode.swift; path = EmozioneButton.swift; sourceTree = "<group>"; };
		DB53C76E21DE699B0001054B /* Emozione.swift */ = {isa = PBXFileReference; lastKnownFileType = sourcecode.swift; path = Emozione.swift; sourceTree = "<group>"; };
		DB53C77021DE75E70001054B /* EmozioneTableViewCell.swift */ = {isa = PBXFileReference; lastKnownFileType = sourcecode.swift; path = EmozioneTableViewCell.swift; sourceTree = "<group>"; };
		DB53C77621DEB9E10001054B /* TeenStarListFemminaCell.swift */ = {isa = PBXFileReference; lastKnownFileType = sourcecode.swift; path = TeenStarListFemminaCell.swift; sourceTree = "<group>"; };
		DB53C77821DEC57E0001054B /* CicloColorCollectionCell.swift */ = {isa = PBXFileReference; lastKnownFileType = sourcecode.swift; path = CicloColorCollectionCell.swift; sourceTree = "<group>"; };
		DB53C77F21DFCBF90001054B /* SettingsView.swift */ = {isa = PBXFileReference; lastKnownFileType = sourcecode.swift; path = SettingsView.swift; sourceTree = "<group>"; };
		DB53C78121DFCC3D0001054B /* SettingsVC.swift */ = {isa = PBXFileReference; lastKnownFileType = sourcecode.swift; path = SettingsVC.swift; sourceTree = "<group>"; };
		DB53C78521E0F7E40001054B /* CompagniaAgent.swift */ = {isa = PBXFileReference; lastKnownFileType = sourcecode.swift; path = CompagniaAgent.swift; sourceTree = "<group>"; };
		DB53C7AA21E103C90001054B /* verificaMedie.json */ = {isa = PBXFileReference; fileEncoding = 4; lastKnownFileType = text.json; path = verificaMedie.json; sourceTree = "<group>"; };
		DB53C7AC21E3D8380001054B /* CompagniaDomandaCell.swift */ = {isa = PBXFileReference; lastKnownFileType = sourcecode.swift; path = CompagniaDomandaCell.swift; sourceTree = "<group>"; };
		DB5751DB21DA651C00F97D25 /* BoldCell.swift */ = {isa = PBXFileReference; lastKnownFileType = sourcecode.swift; path = BoldCell.swift; sourceTree = "<group>"; };
		DB5751DD21DA719900F97D25 /* TextEditingBottomBar.swift */ = {isa = PBXFileReference; lastKnownFileType = sourcecode.swift; path = TextEditingBottomBar.swift; sourceTree = "<group>"; };
		DB5751E721DA808000F97D25 /* SizeSliderAlert.swift */ = {isa = PBXFileReference; lastKnownFileType = sourcecode.swift; path = SizeSliderAlert.swift; sourceTree = "<group>"; };
		DB61DA1221B5B9ED006B308B /* RegolaFetcherModel.swift */ = {isa = PBXFileReference; lastKnownFileType = sourcecode.swift; path = RegolaFetcherModel.swift; sourceTree = "<group>"; };
		DB61DA1421B9BA81006B308B /* SitoView.swift */ = {isa = PBXFileReference; lastKnownFileType = sourcecode.swift; path = SitoView.swift; sourceTree = "<group>"; };
		DB61DA1821B9C81E006B308B /* SocialVC.swift */ = {isa = PBXFileReference; lastKnownFileType = sourcecode.swift; path = SocialVC.swift; sourceTree = "<group>"; };
		DB61DA1A21B9C834006B308B /* SocialView.swift */ = {isa = PBXFileReference; lastKnownFileType = sourcecode.swift; path = SocialView.swift; sourceTree = "<group>"; };
		DB644E4C227513310049CB3B /* RegolaDomandaCell.swift */ = {isa = PBXFileReference; lastKnownFileType = sourcecode.swift; path = RegolaDomandaCell.swift; sourceTree = "<group>"; };
		DB67643321F631A200651AD8 /* SitiNetworkAgentModel.swift */ = {isa = PBXFileReference; lastKnownFileType = sourcecode.swift; path = SitiNetworkAgentModel.swift; sourceTree = "<group>"; };
		DB67643721F634F700651AD8 /* AuthNetworkAgent.swift */ = {isa = PBXFileReference; lastKnownFileType = sourcecode.swift; path = AuthNetworkAgent.swift; sourceTree = "<group>"; };
		DB67643921F6364E00651AD8 /* RegisterNetworkRequest.swift */ = {isa = PBXFileReference; lastKnownFileType = sourcecode.swift; path = RegisterNetworkRequest.swift; sourceTree = "<group>"; };
		DB67643C21F636D300651AD8 /* SitiMaterialiRequest.swift */ = {isa = PBXFileReference; lastKnownFileType = sourcecode.swift; path = SitiMaterialiRequest.swift; sourceTree = "<group>"; };
		DB67643E21F6384F00651AD8 /* AuthNetworkResponse.swift */ = {isa = PBXFileReference; lastKnownFileType = sourcecode.swift; path = AuthNetworkResponse.swift; sourceTree = "<group>"; };
		DB67644021F6389000651AD8 /* SitiNetworkResponse.swift */ = {isa = PBXFileReference; lastKnownFileType = sourcecode.swift; path = SitiNetworkResponse.swift; sourceTree = "<group>"; };
		DB67644221F63CC400651AD8 /* SitiAgentModel.swift */ = {isa = PBXFileReference; lastKnownFileType = sourcecode.swift; path = SitiAgentModel.swift; sourceTree = "<group>"; };
		DB75F2EB225D2EE700EB62DF /* RiassuntoRDVDataSource.swift */ = {isa = PBXFileReference; lastKnownFileType = sourcecode.swift; path = RiassuntoRDVDataSource.swift; sourceTree = "<group>"; };
		DB75F2EE225D3C0300EB62DF /* DebugVC.swift */ = {isa = PBXFileReference; lastKnownFileType = sourcecode.swift; path = DebugVC.swift; sourceTree = "<group>"; };
		DB7BEF8421D006A0007A550E /* KeychainItemAccessibility.swift */ = {isa = PBXFileReference; fileEncoding = 4; lastKnownFileType = sourcecode.swift; path = KeychainItemAccessibility.swift; sourceTree = "<group>"; };
		DB7BEF8521D006A0007A550E /* KeychainWrapper.swift */ = {isa = PBXFileReference; fileEncoding = 4; lastKnownFileType = sourcecode.swift; path = KeychainWrapper.swift; sourceTree = "<group>"; };
		DB7BEF8821D01442007A550E /* User.swift */ = {isa = PBXFileReference; lastKnownFileType = sourcecode.swift; path = User.swift; sourceTree = "<group>"; };
		DB7BEF8A21D01670007A550E /* NetworkAgent.swift */ = {isa = PBXFileReference; lastKnownFileType = sourcecode.swift; path = NetworkAgent.swift; sourceTree = "<group>"; };
		DB7BEF8C21D0172E007A550E /* URLs.swift */ = {isa = PBXFileReference; lastKnownFileType = sourcecode.swift; path = URLs.swift; sourceTree = "<group>"; };
		DB7BEF8E21D01920007A550E /* ToxNetworkResponse.swift */ = {isa = PBXFileReference; lastKnownFileType = sourcecode.swift; path = ToxNetworkResponse.swift; sourceTree = "<group>"; };
		DB7BEF9021D02128007A550E /* ToxNetworkRequest.swift */ = {isa = PBXFileReference; lastKnownFileType = sourcecode.swift; path = ToxNetworkRequest.swift; sourceTree = "<group>"; };
		DB88DBDE21A96E6F00B0699B /* HomeViewController.swift */ = {isa = PBXFileReference; lastKnownFileType = sourcecode.swift; path = HomeViewController.swift; sourceTree = "<group>"; };
		DB88DBE021A9718000B0699B /* RegisterVC.swift */ = {isa = PBXFileReference; lastKnownFileType = sourcecode.swift; path = RegisterVC.swift; sourceTree = "<group>"; };
		DB88DBE321A975C100B0699B /* SpinerLayer.swift */ = {isa = PBXFileReference; fileEncoding = 4; lastKnownFileType = sourcecode.swift; path = SpinerLayer.swift; sourceTree = "<group>"; };
		DB88DBE421A975C100B0699B /* CGRectEx.swift */ = {isa = PBXFileReference; fileEncoding = 4; lastKnownFileType = sourcecode.swift; path = CGRectEx.swift; sourceTree = "<group>"; };
		DB88DBE521A975C100B0699B /* TransitionSubmitButton.swift */ = {isa = PBXFileReference; fileEncoding = 4; lastKnownFileType = sourcecode.swift; path = TransitionSubmitButton.swift; sourceTree = "<group>"; };
		DB88DBE621A975C100B0699B /* FadeTransition.swift */ = {isa = PBXFileReference; fileEncoding = 4; lastKnownFileType = sourcecode.swift; path = FadeTransition.swift; sourceTree = "<group>"; };
		DB88DBE721A975C100B0699B /* TimerEx.swift */ = {isa = PBXFileReference; fileEncoding = 4; lastKnownFileType = sourcecode.swift; path = TimerEx.swift; sourceTree = "<group>"; };
		DB88DBED21A97F4400B0699B /* RootAppTabBarController.swift */ = {isa = PBXFileReference; lastKnownFileType = sourcecode.swift; path = RootAppTabBarController.swift; sourceTree = "<group>"; };
		DB88DBF621AAF3AD00B0699B /* regolaTriennio.json */ = {isa = PBXFileReference; fileEncoding = 4; lastKnownFileType = text.json; path = regolaTriennio.json; sourceTree = "<group>"; };
		DB88DBF821AB2BE000B0699B /* DomandeVC.swift */ = {isa = PBXFileReference; lastKnownFileType = sourcecode.swift; path = DomandeVC.swift; sourceTree = "<group>"; };
		DB88DBFA21AB2C0D00B0699B /* DomandeView.swift */ = {isa = PBXFileReference; lastKnownFileType = sourcecode.swift; path = DomandeView.swift; sourceTree = "<group>"; };
		DB88DBFE21AB315200B0699B /* RegolaCategorieVC.swift */ = {isa = PBXFileReference; lastKnownFileType = sourcecode.swift; path = RegolaCategorieVC.swift; sourceTree = "<group>"; };
		DB88DC0021AB318400B0699B /* RegoleCategorieView.swift */ = {isa = PBXFileReference; lastKnownFileType = sourcecode.swift; path = RegoleCategorieView.swift; sourceTree = "<group>"; };
		DB8B4E07227D911000AFF716 /* InfoVC.swift */ = {isa = PBXFileReference; lastKnownFileType = sourcecode.swift; path = InfoVC.swift; sourceTree = "<group>"; };
		DB8B4E09227D912A00AFF716 /* InfoView.swift */ = {isa = PBXFileReference; lastKnownFileType = sourcecode.swift; path = InfoView.swift; sourceTree = "<group>"; };
		DB8B4E0B227D962E00AFF716 /* welcomeText.rtf */ = {isa = PBXFileReference; fileEncoding = 4; lastKnownFileType = text.rtf; path = welcomeText.rtf; sourceTree = "<group>"; };
		DB8B860C224AA5A000C58055 /* ColorSlider.framework */ = {isa = PBXFileReference; lastKnownFileType = wrapper.framework; name = ColorSlider.framework; path = Frameworks/Carthage/Build/iOS/ColorSlider.framework; sourceTree = "<group>"; };
		DB8B860D224AA5A000C58055 /* SwiftEntryKit.framework */ = {isa = PBXFileReference; lastKnownFileType = wrapper.framework; name = SwiftEntryKit.framework; path = Frameworks/Carthage/Build/iOS/SwiftEntryKit.framework; sourceTree = "<group>"; };
		DB8B860E224AA5A000C58055 /* QuickLayout.framework */ = {isa = PBXFileReference; lastKnownFileType = wrapper.framework; name = QuickLayout.framework; path = Frameworks/Carthage/Build/iOS/QuickLayout.framework; sourceTree = "<group>"; };
		DB8B860F224AA5A000C58055 /* RealmSwift.framework */ = {isa = PBXFileReference; lastKnownFileType = wrapper.framework; name = RealmSwift.framework; path = Frameworks/Carthage/Build/iOS/RealmSwift.framework; sourceTree = "<group>"; };
		DB8B8610224AA5A000C58055 /* Realm.framework */ = {isa = PBXFileReference; lastKnownFileType = wrapper.framework; name = Realm.framework; path = Frameworks/Carthage/Build/iOS/Realm.framework; sourceTree = "<group>"; };
		DB8B8616224D1E7300C58055 /* DatePickerCell.swift */ = {isa = PBXFileReference; lastKnownFileType = sourcecode.swift; path = DatePickerCell.swift; sourceTree = "<group>"; };
		DB9A19BE21D5148E00C05755 /* NoteListVC.swift */ = {isa = PBXFileReference; lastKnownFileType = sourcecode.swift; path = NoteListVC.swift; sourceTree = "<group>"; };
		DB9A19C021D514A900C05755 /* NoteListView.swift */ = {isa = PBXFileReference; lastKnownFileType = sourcecode.swift; path = NoteListView.swift; sourceTree = "<group>"; };
		DBAAE2AC21A5ACCF00211CBF /* WelcomeVC.storyboard */ = {isa = PBXFileReference; lastKnownFileType = file.storyboard; path = WelcomeVC.storyboard; sourceTree = "<group>"; };
		DBAAE2AE21A5B3B000211CBF /* WelcomePageVC.swift */ = {isa = PBXFileReference; lastKnownFileType = sourcecode.swift; path = WelcomePageVC.swift; sourceTree = "<group>"; };
		DBAAE2B021A5C3FA00211CBF /* NotificheVC.storyboard */ = {isa = PBXFileReference; fileEncoding = 4; lastKnownFileType = file.storyboard; path = NotificheVC.storyboard; sourceTree = "<group>"; };
		DBAAE2B221A5C53700211CBF /* NotificheVC.swift */ = {isa = PBXFileReference; lastKnownFileType = sourcecode.swift; path = NotificheVC.swift; sourceTree = "<group>"; };
		DBAAE2B621A5CCEB00211CBF /* LoginVC.swift */ = {isa = PBXFileReference; lastKnownFileType = sourcecode.swift; path = LoginVC.swift; sourceTree = "<group>"; };
		DBAAE2BA21A5D26800211CBF /* WelcomeVC.swift */ = {isa = PBXFileReference; lastKnownFileType = sourcecode.swift; path = WelcomeVC.swift; sourceTree = "<group>"; };
		DBAAE2BC21A5E9DA00211CBF /* CircularThings.swift */ = {isa = PBXFileReference; lastKnownFileType = sourcecode.swift; path = CircularThings.swift; sourceTree = "<group>"; };
		DBAF3BFE219C9019003083EA /* MGS.app */ = {isa = PBXFileReference; explicitFileType = wrapper.application; includeInIndex = 0; path = MGS.app; sourceTree = BUILT_PRODUCTS_DIR; };
		DBAF3C01219C9019003083EA /* AppDelegate.swift */ = {isa = PBXFileReference; lastKnownFileType = sourcecode.swift; path = AppDelegate.swift; sourceTree = "<group>"; };
		DBAF3C09219C9019003083EA /* SFA.xcdatamodel */ = {isa = PBXFileReference; lastKnownFileType = wrapper.xcdatamodel; path = SFA.xcdatamodel; sourceTree = "<group>"; };
		DBAF3C0B219C901B003083EA /* Assets.xcassets */ = {isa = PBXFileReference; lastKnownFileType = folder.assetcatalog; path = Assets.xcassets; sourceTree = "<group>"; };
		DBAF3C0E219C901B003083EA /* Base */ = {isa = PBXFileReference; lastKnownFileType = file.storyboard; name = Base; path = Base.lproj/LaunchScreen.storyboard; sourceTree = "<group>"; };
		DBAF3C10219C901B003083EA /* Info.plist */ = {isa = PBXFileReference; lastKnownFileType = text.plist.xml; path = Info.plist; sourceTree = "<group>"; };
		DBAF3C18219C9203003083EA /* Costanti.swift */ = {isa = PBXFileReference; lastKnownFileType = sourcecode.swift; path = Costanti.swift; sourceTree = "<group>"; };
		DBAF3C1D219C9478003083EA /* Protocolli.swift */ = {isa = PBXFileReference; lastKnownFileType = sourcecode.swift; path = Protocolli.swift; sourceTree = "<group>"; };
		DBAF3C23219C9F6A003083EA /* Extensions.swift */ = {isa = PBXFileReference; lastKnownFileType = sourcecode.swift; path = Extensions.swift; sourceTree = "<group>"; };
		DBAF3C27219CBF35003083EA /* IQTextView.swift */ = {isa = PBXFileReference; fileEncoding = 4; lastKnownFileType = sourcecode.swift; path = IQTextView.swift; sourceTree = "<group>"; };
		DBAF3C29219CBF35003083EA /* IQPreviousNextView.swift */ = {isa = PBXFileReference; fileEncoding = 4; lastKnownFileType = sourcecode.swift; path = IQPreviousNextView.swift; sourceTree = "<group>"; };
		DBAF3C2A219CBF35003083EA /* IQTitleBarButtonItem.swift */ = {isa = PBXFileReference; fileEncoding = 4; lastKnownFileType = sourcecode.swift; path = IQTitleBarButtonItem.swift; sourceTree = "<group>"; };
		DBAF3C2B219CBF35003083EA /* IQBarButtonItem.swift */ = {isa = PBXFileReference; fileEncoding = 4; lastKnownFileType = sourcecode.swift; path = IQBarButtonItem.swift; sourceTree = "<group>"; };
		DBAF3C2C219CBF35003083EA /* IQToolbar.swift */ = {isa = PBXFileReference; fileEncoding = 4; lastKnownFileType = sourcecode.swift; path = IQToolbar.swift; sourceTree = "<group>"; };
		DBAF3C2D219CBF35003083EA /* IQUIView+IQKeyboardToolbar.swift */ = {isa = PBXFileReference; fileEncoding = 4; lastKnownFileType = sourcecode.swift; path = "IQUIView+IQKeyboardToolbar.swift"; sourceTree = "<group>"; };
		DBAF3C2E219CBF35003083EA /* IQInvocation.swift */ = {isa = PBXFileReference; fileEncoding = 4; lastKnownFileType = sourcecode.swift; path = IQInvocation.swift; sourceTree = "<group>"; };
		DBAF3C30219CBF35003083EA /* IQKeyboardManagerConstantsInternal.swift */ = {isa = PBXFileReference; fileEncoding = 4; lastKnownFileType = sourcecode.swift; path = IQKeyboardManagerConstantsInternal.swift; sourceTree = "<group>"; };
		DBAF3C31219CBF35003083EA /* IQKeyboardManagerConstants.swift */ = {isa = PBXFileReference; fileEncoding = 4; lastKnownFileType = sourcecode.swift; path = IQKeyboardManagerConstants.swift; sourceTree = "<group>"; };
		DBAF3C33219CBF35003083EA /* IQKeyboardManager.bundle */ = {isa = PBXFileReference; lastKnownFileType = "wrapper.plug-in"; path = IQKeyboardManager.bundle; sourceTree = "<group>"; };
		DBAF3C34219CBF35003083EA /* IQKeyboardReturnKeyHandler.swift */ = {isa = PBXFileReference; fileEncoding = 4; lastKnownFileType = sourcecode.swift; path = IQKeyboardReturnKeyHandler.swift; sourceTree = "<group>"; };
		DBAF3C35219CBF35003083EA /* IQKeyboardManager.swift */ = {isa = PBXFileReference; fileEncoding = 4; lastKnownFileType = sourcecode.swift; path = IQKeyboardManager.swift; sourceTree = "<group>"; };
		DBAF3C36219CBF35003083EA /* IQKeyboardManagerSwift.h */ = {isa = PBXFileReference; fileEncoding = 4; lastKnownFileType = sourcecode.c.h; path = IQKeyboardManagerSwift.h; sourceTree = "<group>"; };
		DBAF3C38219CBF35003083EA /* IQUIScrollView+Additions.swift */ = {isa = PBXFileReference; fileEncoding = 4; lastKnownFileType = sourcecode.swift; path = "IQUIScrollView+Additions.swift"; sourceTree = "<group>"; };
		DBAF3C39219CBF35003083EA /* IQUIViewController+Additions.swift */ = {isa = PBXFileReference; fileEncoding = 4; lastKnownFileType = sourcecode.swift; path = "IQUIViewController+Additions.swift"; sourceTree = "<group>"; };
		DBAF3C3A219CBF35003083EA /* IQUITextFieldView+Additions.swift */ = {isa = PBXFileReference; fileEncoding = 4; lastKnownFileType = sourcecode.swift; path = "IQUITextFieldView+Additions.swift"; sourceTree = "<group>"; };
		DBAF3C3B219CBF35003083EA /* IQUIView+Hierarchy.swift */ = {isa = PBXFileReference; fileEncoding = 4; lastKnownFileType = sourcecode.swift; path = "IQUIView+Hierarchy.swift"; sourceTree = "<group>"; };
		DBAF3C3C219CBF35003083EA /* IQNSArray+Sort.swift */ = {isa = PBXFileReference; fileEncoding = 4; lastKnownFileType = sourcecode.swift; path = "IQNSArray+Sort.swift"; sourceTree = "<group>"; };
		DBBBDC4F21F5016D00C9F54A /* BouncyView.swift */ = {isa = PBXFileReference; lastKnownFileType = sourcecode.swift; path = BouncyView.swift; sourceTree = "<group>"; };
		DBBE6FC521F8EEA80001875A /* TextCell.swift */ = {isa = PBXFileReference; lastKnownFileType = sourcecode.swift; path = TextCell.swift; sourceTree = "<group>"; };
		DBC7F4C82218ACAB00C22945 /* OrderedFlowCoordinator.swift */ = {isa = PBXFileReference; lastKnownFileType = sourcecode.swift; path = OrderedFlowCoordinator.swift; sourceTree = "<group>"; };
		DBC7F4CA2219898100C22945 /* GradoScuolaVC.swift */ = {isa = PBXFileReference; lastKnownFileType = sourcecode.swift; path = GradoScuolaVC.swift; sourceTree = "<group>"; };
		DBC7F4CC22198A0A00C22945 /* GradoScuolaView.swift */ = {isa = PBXFileReference; lastKnownFileType = sourcecode.swift; path = GradoScuolaView.swift; sourceTree = "<group>"; };
		DBC7F4DB2219AEC500C22945 /* NotificheOnboardingVC.swift */ = {isa = PBXFileReference; lastKnownFileType = sourcecode.swift; path = NotificheOnboardingVC.swift; sourceTree = "<group>"; };
		DBC7F4DE2219AFA900C22945 /* HomeView.swift */ = {isa = PBXFileReference; lastKnownFileType = sourcecode.swift; path = HomeView.swift; sourceTree = "<group>"; };
		DBC7F4E12219B8DE00C22945 /* DZNEmptyDataSet.framework */ = {isa = PBXFileReference; lastKnownFileType = wrapper.framework; name = DZNEmptyDataSet.framework; path = Frameworks/Carthage/Build/iOS/DZNEmptyDataSet.framework; sourceTree = "<group>"; };
		DBCE9ECF21EFB247005B286A /* VerificaCompagniaDataSource.swift */ = {isa = PBXFileReference; lastKnownFileType = sourcecode.swift; path = VerificaCompagniaDataSource.swift; sourceTree = "<group>"; };
		DBCF2F3921F79E410074E0AF /* SitiVC.swift */ = {isa = PBXFileReference; lastKnownFileType = sourcecode.swift; path = SitiVC.swift; sourceTree = "<group>"; };
		DBCF2F3B21F79E7E0074E0AF /* SitiListView.swift */ = {isa = PBXFileReference; lastKnownFileType = sourcecode.swift; path = SitiListView.swift; sourceTree = "<group>"; };
		DBCF2F3D21F7BC410074E0AF /* SitiDataSource.swift */ = {isa = PBXFileReference; lastKnownFileType = sourcecode.swift; path = SitiDataSource.swift; sourceTree = "<group>"; };
		DBCF2F3F21F7C5050074E0AF /* SitoCell.swift */ = {isa = PBXFileReference; lastKnownFileType = sourcecode.swift; path = SitoCell.swift; sourceTree = "<group>"; };
		DBD1DA2F21CFE35100BFFBA5 /* LoginView.swift */ = {isa = PBXFileReference; lastKnownFileType = sourcecode.swift; path = LoginView.swift; sourceTree = "<group>"; };
		DBD901192235AB9E007F37F0 /* NotesDataSource.swift */ = {isa = PBXFileReference; lastKnownFileType = sourcecode.swift; path = NotesDataSource.swift; sourceTree = "<group>"; };
		DBDC3B2C225B988200D019EA /* HeaderView.swift */ = {isa = PBXFileReference; lastKnownFileType = sourcecode.swift; path = HeaderView.swift; sourceTree = "<group>"; };
		DBDC3B2F225B9CC600D019EA /* RiassuntoView.swift */ = {isa = PBXFileReference; lastKnownFileType = sourcecode.swift; path = RiassuntoView.swift; sourceTree = "<group>"; };
		DBDC3B31225BA88900D019EA /* RiassuntoVC.swift */ = {isa = PBXFileReference; lastKnownFileType = sourcecode.swift; path = RiassuntoVC.swift; sourceTree = "<group>"; };
		DBE6070621F261BD00E10422 /* UIBouncyButton.swift */ = {isa = PBXFileReference; fileEncoding = 4; lastKnownFileType = sourcecode.swift; path = UIBouncyButton.swift; sourceTree = "<group>"; };
		DBE6070821F27AA200E10422 /* WelcomeView.swift */ = {isa = PBXFileReference; lastKnownFileType = sourcecode.swift; path = WelcomeView.swift; sourceTree = "<group>"; };
		DBF3A2AB21DD723B008AE7D5 /* TeenStarListVC.swift */ = {isa = PBXFileReference; lastKnownFileType = sourcecode.swift; path = TeenStarListVC.swift; sourceTree = "<group>"; };
		DBF3A2AF21DD73D0008AE7D5 /* TeenStarModel.swift */ = {isa = PBXFileReference; lastKnownFileType = sourcecode.swift; path = TeenStarModel.swift; sourceTree = "<group>"; };
		DBF3A2B121DD81D1008AE7D5 /* TeenStarEditEntryVC.swift */ = {isa = PBXFileReference; lastKnownFileType = sourcecode.swift; path = TeenStarEditEntryVC.swift; sourceTree = "<group>"; };
		DBF3A2B321DD81F5008AE7D5 /* TeenStarEditEntryView.swift */ = {isa = PBXFileReference; lastKnownFileType = sourcecode.swift; path = TeenStarEditEntryView.swift; sourceTree = "<group>"; };
		DBF5C1A422330D070086E9E7 /* RegolaVita.swift */ = {isa = PBXFileReference; lastKnownFileType = sourcecode.swift; path = RegolaVita.swift; sourceTree = "<group>"; };
		DBF5C1A6223443870086E9E7 /* Note.swift */ = {isa = PBXFileReference; lastKnownFileType = sourcecode.swift; path = Note.swift; sourceTree = "<group>"; };
		DBF67B232205B293002CF893 /* SitiPreghiereRequest.swift */ = {isa = PBXFileReference; lastKnownFileType = sourcecode.swift; path = SitiPreghiereRequest.swift; sourceTree = "<group>"; };
		DBFA57432279CFC100D60E8E /* TeenStarFemminaCell.swift */ = {isa = PBXFileReference; lastKnownFileType = sourcecode.swift; path = TeenStarFemminaCell.swift; sourceTree = "<group>"; };
		DBFE97F921D57CD500E82803 /* NoteModel.swift */ = {isa = PBXFileReference; lastKnownFileType = sourcecode.swift; path = NoteModel.swift; sourceTree = "<group>"; };
/* End PBXFileReference section */

/* Begin PBXFrameworksBuildPhase section */
		DBAF3BFB219C9019003083EA /* Frameworks */ = {
			isa = PBXFrameworksBuildPhase;
			buildActionMask = 2147483647;
			files = (
				DB8B8611224AA5A000C58055 /* ColorSlider.framework in Frameworks */,
				DB8B8612224AA5A000C58055 /* SwiftEntryKit.framework in Frameworks */,
				DB8B8613224AA5A000C58055 /* QuickLayout.framework in Frameworks */,
				DB8B8614224AA5A000C58055 /* RealmSwift.framework in Frameworks */,
				DB8B8615224AA5A000C58055 /* Realm.framework in Frameworks */,
				DB8B860B224AA5A000C58055 /* DZNEmptyDataSet.framework in Frameworks */,
			);
			runOnlyForDeploymentPostprocessing = 0;
		};
/* End PBXFrameworksBuildPhase section */

/* Begin PBXGroup section */
		DB217D5022188AD6003ED264 /* Coordinator */ = {
			isa = PBXGroup;
			children = (
				DB217D5122188C2D003ED264 /* Coordinator.swift */,
				DB217D5322188D9E003ED264 /* OnboardingCoordinator.swift */,
				DBC7F4C82218ACAB00C22945 /* OrderedFlowCoordinator.swift */,
			);
			path = Coordinator;
			sourceTree = "<group>";
		};
		DB323B0D223C558700116FE3 /* Objects */ = {
			isa = PBXGroup;
			children = (
				DB7BEF8821D01442007A550E /* User.swift */,
				DBF5C1A422330D070086E9E7 /* RegolaVita.swift */,
				DBF5C1A6223443870086E9E7 /* Note.swift */,
				DB323B0B223C4A7C00116FE3 /* VerificaCompagnia.swift */,
				DB323B0E223C56BB00116FE3 /* TeenStar.swift */,
				DB323B14223D521300116FE3 /* SitoWeb.swift */,
			);
			path = Objects;
			sourceTree = "<group>";
		};
		DB53C77221DEB7870001054B /* TableViewCells */ = {
			isa = PBXGroup;
			children = (
				DB5751DB21DA651C00F97D25 /* BoldCell.swift */,
				DB53C77021DE75E70001054B /* EmozioneTableViewCell.swift */,
				DB53C77621DEB9E10001054B /* TeenStarListFemminaCell.swift */,
				DB53C77821DEC57E0001054B /* CicloColorCollectionCell.swift */,
				DB0D49EB21DFF13000887D3B /* SettingsUserCell.swift */,
				DB53C7AC21E3D8380001054B /* CompagniaDomandaCell.swift */,
				DB4F3BBD21F5CE220040F4C4 /* BasicCell.swift */,
				DB4F3BC421F5FBC80040F4C4 /* SwitchCell.swift */,
				DBCF2F3F21F7C5050074E0AF /* SitoCell.swift */,
				DBBE6FC521F8EEA80001875A /* TextCell.swift */,
				DB8B8616224D1E7300C58055 /* DatePickerCell.swift */,
				DBFA57432279CFC100D60E8E /* TeenStarFemminaCell.swift */,
				DB32449322469AD100116FE3 /* TeenStarMaschioCell.swift */,
			);
			path = TableViewCells;
			sourceTree = "<group>";
		};
		DB53C77421DEB7C60001054B /* Legacy */ = {
			isa = PBXGroup;
			children = (
				DB22DA8C21C02F9500E6497D /* DatePickerModel.swift */,
				DB61DA1421B9BA81006B308B /* SitoView.swift */,
				DB88DBE221A975C100B0699B /* TransitionButton */,
				DBAAE2AC21A5ACCF00211CBF /* WelcomeVC.storyboard */,
				DBAAE2B021A5C3FA00211CBF /* NotificheVC.storyboard */,
			);
			path = Legacy;
			sourceTree = "<group>";
		};
		DB53C77521DEB8400001054B /* Custom */ = {
			isa = PBXGroup;
			children = (
				DB5751DD21DA719900F97D25 /* TextEditingBottomBar.swift */,
				DB5751E721DA808000F97D25 /* SizeSliderAlert.swift */,
				DB53AB8B21DACA34001961EC /* ColorSliderAlert.swift */,
				DB53C76C21DE69620001054B /* EmozioneButton.swift */,
				DBE6070621F261BD00E10422 /* UIBouncyButton.swift */,
				DBBBDC4F21F5016D00C9F54A /* BouncyView.swift */,
				DB217D4C22185124003ED264 /* UIBox.swift */,
				DB217D4E2218557D003ED264 /* GenderBox.swift */,
			);
			path = Custom;
			sourceTree = "<group>";
		};
		DB53C77A21DFCAAD0001054B /* TeenStar */ = {
			isa = PBXGroup;
			children = (
				DBF3A2AB21DD723B008AE7D5 /* TeenStarListVC.swift */,
				DB323B12223D35FB00116FE3 /* TeenStarListSource.swift */,
				DBF3A2B121DD81D1008AE7D5 /* TeenStarEditEntryVC.swift */,
				DBF3A2B321DD81F5008AE7D5 /* TeenStarEditEntryView.swift */,
				DB323B10223C645800116FE3 /* TeenStarDataSource.swift */,
			);
			path = TeenStar;
			sourceTree = "<group>";
		};
		DB53C77B21DFCAC30001054B /* Note */ = {
			isa = PBXGroup;
			children = (
				DB22DA9021C03A9200E6497D /* NoteVC.swift */,
				DB22DA8E21C03A6300E6497D /* NoteView.swift */,
			);
			path = Note;
			sourceTree = "<group>";
		};
		DB53C77C21DFCAE10001054B /* WelcomePage */ = {
			isa = PBXGroup;
			children = (
				DBAAE2AE21A5B3B000211CBF /* WelcomePageVC.swift */,
			);
			path = WelcomePage;
			sourceTree = "<group>";
		};
		DB53C77D21DFCAF60001054B /* Login */ = {
			isa = PBXGroup;
			children = (
				DBAAE2B621A5CCEB00211CBF /* LoginVC.swift */,
				DBD1DA2F21CFE35100BFFBA5 /* LoginView.swift */,
			);
			path = Login;
			sourceTree = "<group>";
		};
		DB53C77E21DFCBC90001054B /* Generic */ = {
			isa = PBXGroup;
			children = (
				DB88DBED21A97F4400B0699B /* RootAppTabBarController.swift */,
				DB325EE021D5033C009ADEFC /* RotationLogicNavigationController.swift */,
				DB4F3BC221F5F2D90040F4C4 /* ThemedNavigationController.swift */,
			);
			path = Generic;
			sourceTree = "<group>";
		};
		DB67643521F634C800651AD8 /* Network */ = {
			isa = PBXGroup;
			children = (
				DB7BEF8A21D01670007A550E /* NetworkAgent.swift */,
				DB7BEF8E21D01920007A550E /* ToxNetworkResponse.swift */,
				DB7BEF9021D02128007A550E /* ToxNetworkRequest.swift */,
			);
			path = Network;
			sourceTree = "<group>";
		};
		DB67643621F634E200651AD8 /* Login+Register */ = {
			isa = PBXGroup;
			children = (
				DB67643721F634F700651AD8 /* AuthNetworkAgent.swift */,
				DB67643921F6364E00651AD8 /* RegisterNetworkRequest.swift */,
				DB67643E21F6384F00651AD8 /* AuthNetworkResponse.swift */,
				DB060C8722149B13003E0C96 /* LoginNetworkRequest.swift */,
			);
			path = "Login+Register";
			sourceTree = "<group>";
		};
		DB67643B21F636BA00651AD8 /* Siti */ = {
			isa = PBXGroup;
			children = (
				DB67643321F631A200651AD8 /* SitiNetworkAgentModel.swift */,
				DB67643C21F636D300651AD8 /* SitiMaterialiRequest.swift */,
				DB67644021F6389000651AD8 /* SitiNetworkResponse.swift */,
				DB67644221F63CC400651AD8 /* SitiAgentModel.swift */,
				DBF67B232205B293002CF893 /* SitiPreghiereRequest.swift */,
			);
			path = Siti;
			sourceTree = "<group>";
		};
		DB75F2ED225D3BF000EB62DF /* Debug */ = {
			isa = PBXGroup;
			children = (
				DB75F2EE225D3C0300EB62DF /* DebugVC.swift */,
			);
			path = Debug;
			sourceTree = "<group>";
		};
		DB7BEF8321D006A0007A550E /* Keychain */ = {
			isa = PBXGroup;
			children = (
				DB7BEF8421D006A0007A550E /* KeychainItemAccessibility.swift */,
				DB7BEF8521D006A0007A550E /* KeychainWrapper.swift */,
			);
			path = Keychain;
			sourceTree = "<group>";
		};
		DB88DBE221A975C100B0699B /* TransitionButton */ = {
			isa = PBXGroup;
			children = (
				DB88DBE321A975C100B0699B /* SpinerLayer.swift */,
				DB88DBE421A975C100B0699B /* CGRectEx.swift */,
				DB88DBE521A975C100B0699B /* TransitionSubmitButton.swift */,
				DB88DBE621A975C100B0699B /* FadeTransition.swift */,
				DB88DBE721A975C100B0699B /* TimerEx.swift */,
			);
			path = TransitionButton;
			sourceTree = "<group>";
		};
		DB88DBF121AAF17200B0699B /* Model */ = {
			isa = PBXGroup;
			children = (
				DB323B0D223C558700116FE3 /* Objects */,
				DB67643B21F636BA00651AD8 /* Siti */,
				DB67643621F634E200651AD8 /* Login+Register */,
				DB67643521F634C800651AD8 /* Network */,
				DBCE9ECE21EFB227005B286A /* Data Sources */,
				DB61DA1221B5B9ED006B308B /* RegolaFetcherModel.swift */,
				DB7BEF8C21D0172E007A550E /* URLs.swift */,
				DBFE97F921D57CD500E82803 /* NoteModel.swift */,
				DBF3A2AF21DD73D0008AE7D5 /* TeenStarModel.swift */,
				DB53C76E21DE699B0001054B /* Emozione.swift */,
				DB53C78521E0F7E40001054B /* CompagniaAgent.swift */,
			);
			path = Model;
			sourceTree = "<group>";
		};
		DB88DBFC21AB30C300B0699B /* RegolaDiVIta */ = {
			isa = PBXGroup;
			children = (
				DBDC3B2E225B9CAE00D019EA /* Riassunto */,
				DBC7F4D32219AD6000C22945 /* Risposte */,
				DBC7F4D22219AD4A00C22945 /* Categorie */,
				DBC7F4D12219AD3700C22945 /* Domande */,
			);
			path = RegolaDiVIta;
			sourceTree = "<group>";
		};
		DB8B4E06227D90F700AFF716 /* InfoVC */ = {
			isa = PBXGroup;
			children = (
				DB8B4E07227D911000AFF716 /* InfoVC.swift */,
				DB8B4E09227D912A00AFF716 /* InfoView.swift */,
			);
			path = InfoVC;
			sourceTree = "<group>";
		};
		DB8EC01321EE4447003B2A81 /* Frameworks */ = {
			isa = PBXGroup;
			children = (
				DB8B860C224AA5A000C58055 /* ColorSlider.framework */,
				DB8B860E224AA5A000C58055 /* QuickLayout.framework */,
				DB8B8610224AA5A000C58055 /* Realm.framework */,
				DB8B860F224AA5A000C58055 /* RealmSwift.framework */,
				DB8B860D224AA5A000C58055 /* SwiftEntryKit.framework */,
				DBC7F4E12219B8DE00C22945 /* DZNEmptyDataSet.framework */,
			);
			name = Frameworks;
			sourceTree = "<group>";
		};
		DBAF3BF5219C9019003083EA = {
			isa = PBXGroup;
			children = (
				DBAF3C00219C9019003083EA /* SFA */,
				DBAF3BFF219C9019003083EA /* Products */,
				DB8EC01321EE4447003B2A81 /* Frameworks */,
			);
			sourceTree = "<group>";
		};
		DBAF3BFF219C9019003083EA /* Products */ = {
			isa = PBXGroup;
			children = (
				DBAF3BFE219C9019003083EA /* MGS.app */,
			);
			name = Products;
			sourceTree = "<group>";
		};
		DBAF3C00219C9019003083EA /* SFA */ = {
			isa = PBXGroup;
			children = (
				DB217D5022188AD6003ED264 /* Coordinator */,
				DBAF3C22219C9F51003083EA /* Altro */,
				DB88DBF121AAF17200B0699B /* Model */,
				DBAF3C1F219C953D003083EA /* Views */,
				DBAF3C1A219C942E003083EA /* ViewControllers */,
				DBAF3C17219C9058003083EA /* Supporting Files */,
			);
			path = SFA;
			sourceTree = "<group>";
		};
		DBAF3C17219C9058003083EA /* Supporting Files */ = {
			isa = PBXGroup;
			children = (
				DB7BEF8321D006A0007A550E /* Keychain */,
				DBAF3C25219CBF35003083EA /* IQKeyboardManagerSwift */,
				DBAF3C01219C9019003083EA /* AppDelegate.swift */,
				DBAF3C0D219C901B003083EA /* LaunchScreen.storyboard */,
				DBAF3C10219C901B003083EA /* Info.plist */,
				DBAF3C08219C9019003083EA /* SFA.xcdatamodeld */,
				DBAF3C0B219C901B003083EA /* Assets.xcassets */,
			);
			path = "Supporting Files";
			sourceTree = "<group>";
		};
		DBAF3C1A219C942E003083EA /* ViewControllers */ = {
			isa = PBXGroup;
			children = (
				DB8B4E06227D90F700AFF716 /* InfoVC */,
				DB75F2ED225D3BF000EB62DF /* Debug */,
				DB53C77C21DFCAE10001054B /* WelcomePage */,
				DBC7F4D92219AE8A00C22945 /* Welcome */,
				DB53C77E21DFCBC90001054B /* Generic */,
				DBC7F4DD2219AF9900C22945 /* Home */,
				DB88DBFC21AB30C300B0699B /* RegolaDiVIta */,
				DBC7F4D02219ACE400C22945 /* NoteList */,
				DB53C77B21DFCAC30001054B /* Note */,
				DB53C77A21DFCAAD0001054B /* TeenStar */,
				DBC7F4D72219AE4E00C22945 /* Compagnia */,
				DBC7F4CE2219AC7800C22945 /* Siti */,
				DBC7F4D52219ADCE00C22945 /* Social */,
				DBC7F4D42219ADAE00C22945 /* Settings */,
				DBC7F4DA2219AEB100C22945 /* Notifiche */,
				DBC7F4D82219AE6E00C22945 /* Scuola */,
				DBC7F4D62219AE1E00C22945 /* Gender */,
				DBC7F4CF2219ACB700C22945 /* Register */,
				DB53C77D21DFCAF60001054B /* Login */,
			);
			path = ViewControllers;
			sourceTree = "<group>";
		};
		DBAF3C1F219C953D003083EA /* Views */ = {
			isa = PBXGroup;
			children = (
				DB53C77421DEB7C60001054B /* Legacy */,
				DB53C77221DEB7870001054B /* TableViewCells */,
				DB53C77521DEB8400001054B /* Custom */,
			);
			path = Views;
			sourceTree = "<group>";
		};
		DBAF3C22219C9F51003083EA /* Altro */ = {
			isa = PBXGroup;
			children = (
				DB8B4E0B227D962E00AFF716 /* welcomeText.rtf */,
				DB4DAC58226124B300730B2A /* regolaMedie.json */,
				DB88DBF621AAF3AD00B0699B /* regolaTriennio.json */,
				DB4DAC542260FFF700730B2A /* regolaBiennio.json */,
				DB53C7AA21E103C90001054B /* verificaMedie.json */,
				DB4DFBC62272662000FAF396 /* verificaBiennio.json */,
				DB4DFBC82272688800FAF396 /* verificaTriennio.json */,
				DBAF3C18219C9203003083EA /* Costanti.swift */,
				DBAF3C1D219C9478003083EA /* Protocolli.swift */,
				DBAF3C23219C9F6A003083EA /* Extensions.swift */,
				DBAAE2BC21A5E9DA00211CBF /* CircularThings.swift */,
				DB4F3BBB21F5C34C0040F4C4 /* Themes.swift */,
			);
			path = Altro;
			sourceTree = "<group>";
		};
		DBAF3C25219CBF35003083EA /* IQKeyboardManagerSwift */ = {
			isa = PBXGroup;
			children = (
				DBAF3C26219CBF35003083EA /* IQTextView */,
				DBAF3C28219CBF35003083EA /* IQToolbar */,
				DBAF3C2F219CBF35003083EA /* Constants */,
				DBAF3C32219CBF35003083EA /* Resources */,
				DBAF3C34219CBF35003083EA /* IQKeyboardReturnKeyHandler.swift */,
				DBAF3C35219CBF35003083EA /* IQKeyboardManager.swift */,
				DBAF3C36219CBF35003083EA /* IQKeyboardManagerSwift.h */,
				DBAF3C37219CBF35003083EA /* Categories */,
			);
			path = IQKeyboardManagerSwift;
			sourceTree = "<group>";
		};
		DBAF3C26219CBF35003083EA /* IQTextView */ = {
			isa = PBXGroup;
			children = (
				DBAF3C27219CBF35003083EA /* IQTextView.swift */,
			);
			path = IQTextView;
			sourceTree = "<group>";
		};
		DBAF3C28219CBF35003083EA /* IQToolbar */ = {
			isa = PBXGroup;
			children = (
				DBAF3C29219CBF35003083EA /* IQPreviousNextView.swift */,
				DBAF3C2A219CBF35003083EA /* IQTitleBarButtonItem.swift */,
				DBAF3C2B219CBF35003083EA /* IQBarButtonItem.swift */,
				DBAF3C2C219CBF35003083EA /* IQToolbar.swift */,
				DBAF3C2D219CBF35003083EA /* IQUIView+IQKeyboardToolbar.swift */,
				DBAF3C2E219CBF35003083EA /* IQInvocation.swift */,
			);
			path = IQToolbar;
			sourceTree = "<group>";
		};
		DBAF3C2F219CBF35003083EA /* Constants */ = {
			isa = PBXGroup;
			children = (
				DBAF3C30219CBF35003083EA /* IQKeyboardManagerConstantsInternal.swift */,
				DBAF3C31219CBF35003083EA /* IQKeyboardManagerConstants.swift */,
			);
			path = Constants;
			sourceTree = "<group>";
		};
		DBAF3C32219CBF35003083EA /* Resources */ = {
			isa = PBXGroup;
			children = (
				DBAF3C33219CBF35003083EA /* IQKeyboardManager.bundle */,
			);
			path = Resources;
			sourceTree = "<group>";
		};
		DBAF3C37219CBF35003083EA /* Categories */ = {
			isa = PBXGroup;
			children = (
				DBAF3C38219CBF35003083EA /* IQUIScrollView+Additions.swift */,
				DBAF3C39219CBF35003083EA /* IQUIViewController+Additions.swift */,
				DBAF3C3A219CBF35003083EA /* IQUITextFieldView+Additions.swift */,
				DBAF3C3B219CBF35003083EA /* IQUIView+Hierarchy.swift */,
				DBAF3C3C219CBF35003083EA /* IQNSArray+Sort.swift */,
			);
			path = Categories;
			sourceTree = "<group>";
		};
		DBC7F4CE2219AC7800C22945 /* Siti */ = {
			isa = PBXGroup;
			children = (
				DBCF2F3921F79E410074E0AF /* SitiVC.swift */,
				DBCF2F3B21F79E7E0074E0AF /* SitiListView.swift */,
				DBCF2F3D21F7BC410074E0AF /* SitiDataSource.swift */,
			);
			path = Siti;
			sourceTree = "<group>";
		};
		DBC7F4CF2219ACB700C22945 /* Register */ = {
			isa = PBXGroup;
			children = (
				DB88DBE021A9718000B0699B /* RegisterVC.swift */,
				DB325EDE21D422D7009ADEFC /* RegisterView.swift */,
			);
			path = Register;
			sourceTree = "<group>";
		};
		DBC7F4D02219ACE400C22945 /* NoteList */ = {
			isa = PBXGroup;
			children = (
				DB9A19BE21D5148E00C05755 /* NoteListVC.swift */,
				DB9A19C021D514A900C05755 /* NoteListView.swift */,
				DBD901192235AB9E007F37F0 /* NotesDataSource.swift */,
			);
			path = NoteList;
			sourceTree = "<group>";
		};
		DBC7F4D12219AD3700C22945 /* Domande */ = {
			isa = PBXGroup;
			children = (
				DB88DBF821AB2BE000B0699B /* DomandeVC.swift */,
				DB88DBFA21AB2C0D00B0699B /* DomandeView.swift */,
			);
			path = Domande;
			sourceTree = "<group>";
		};
		DBC7F4D22219AD4A00C22945 /* Categorie */ = {
			isa = PBXGroup;
			children = (
				DB88DBFE21AB315200B0699B /* RegolaCategorieVC.swift */,
				DB88DC0021AB318400B0699B /* RegoleCategorieView.swift */,
				DBDC3B2C225B988200D019EA /* HeaderView.swift */,
				DB644E4C227513310049CB3B /* RegolaDomandaCell.swift */,
			);
			path = Categorie;
			sourceTree = "<group>";
		};
		DBC7F4D32219AD6000C22945 /* Risposte */ = {
			isa = PBXGroup;
			children = (
				DB2C316221AC88E20009EC14 /* EditRispostaVC.swift */,
				DB2C316021AC87580009EC14 /* EditRispostaView.swift */,
			);
			path = Risposte;
			sourceTree = "<group>";
		};
		DBC7F4D42219ADAE00C22945 /* Settings */ = {
			isa = PBXGroup;
			children = (
				DB53C78121DFCC3D0001054B /* SettingsVC.swift */,
				DB53C77F21DFCBF90001054B /* SettingsView.swift */,
			);
			path = Settings;
			sourceTree = "<group>";
		};
		DBC7F4D52219ADCE00C22945 /* Social */ = {
			isa = PBXGroup;
			children = (
				DB61DA1821B9C81E006B308B /* SocialVC.swift */,
				DB61DA1A21B9C834006B308B /* SocialView.swift */,
			);
			path = Social;
			sourceTree = "<group>";
		};
		DBC7F4D62219AE1E00C22945 /* Gender */ = {
			isa = PBXGroup;
			children = (
				DB217D4822184FE0003ED264 /* GenderVC.swift */,
				DB217D4A2218500B003ED264 /* GenderVCView.swift */,
			);
			path = Gender;
			sourceTree = "<group>";
		};
		DBC7F4D72219AE4E00C22945 /* Compagnia */ = {
			isa = PBXGroup;
			children = (
				DB19C67E21E2870B0020357D /* VerificaCompagniaVC.swift */,
				DB19C68021E2877F0020357D /* VerificaCompagniaView.swift */,
				DBCE9ECF21EFB247005B286A /* VerificaCompagniaDataSource.swift */,
			);
			path = Compagnia;
			sourceTree = "<group>";
		};
		DBC7F4D82219AE6E00C22945 /* Scuola */ = {
			isa = PBXGroup;
			children = (
				DBC7F4CA2219898100C22945 /* GradoScuolaVC.swift */,
				DBC7F4CC22198A0A00C22945 /* GradoScuolaView.swift */,
			);
			path = Scuola;
			sourceTree = "<group>";
		};
		DBC7F4D92219AE8A00C22945 /* Welcome */ = {
			isa = PBXGroup;
			children = (
				DBAAE2BA21A5D26800211CBF /* WelcomeVC.swift */,
				DBE6070821F27AA200E10422 /* WelcomeView.swift */,
			);
			path = Welcome;
			sourceTree = "<group>";
		};
		DBC7F4DA2219AEB100C22945 /* Notifiche */ = {
			isa = PBXGroup;
			children = (
				DBAAE2B221A5C53700211CBF /* NotificheVC.swift */,
				DBC7F4DB2219AEC500C22945 /* NotificheOnboardingVC.swift */,
			);
			path = Notifiche;
			sourceTree = "<group>";
		};
		DBC7F4DD2219AF9900C22945 /* Home */ = {
			isa = PBXGroup;
			children = (
				DB88DBDE21A96E6F00B0699B /* HomeViewController.swift */,
				DBC7F4DE2219AFA900C22945 /* HomeView.swift */,
			);
			path = Home;
			sourceTree = "<group>";
		};
		DBCE9ECE21EFB227005B286A /* Data Sources */ = {
			isa = PBXGroup;
			children = (
			);
			path = "Data Sources";
			sourceTree = "<group>";
		};
		DBDC3B2E225B9CAE00D019EA /* Riassunto */ = {
			isa = PBXGroup;
			children = (
				DBDC3B2F225B9CC600D019EA /* RiassuntoView.swift */,
				DBDC3B31225BA88900D019EA /* RiassuntoVC.swift */,
				DB75F2EB225D2EE700EB62DF /* RiassuntoRDVDataSource.swift */,
			);
			path = Riassunto;
			sourceTree = "<group>";
		};
/* End PBXGroup section */

/* Begin PBXNativeTarget section */
		DBAF3BFD219C9019003083EA /* MGS */ = {
			isa = PBXNativeTarget;
			buildConfigurationList = DBAF3C13219C901B003083EA /* Build configuration list for PBXNativeTarget "MGS" */;
			buildPhases = (
				DBAF3BFA219C9019003083EA /* Sources */,
				DBAF3BFB219C9019003083EA /* Frameworks */,
				DBAF3BFC219C9019003083EA /* Resources */,
				DB8EC01621EE4475003B2A81 /* ShellScript */,
			);
			buildRules = (
			);
			dependencies = (
			);
			name = MGS;
			productName = SFA;
			productReference = DBAF3BFE219C9019003083EA /* MGS.app */;
			productType = "com.apple.product-type.application";
		};
/* End PBXNativeTarget section */

/* Begin PBXProject section */
		DBAF3BF6219C9019003083EA /* Project object */ = {
			isa = PBXProject;
			attributes = {
				LastSwiftUpdateCheck = 1010;
				LastUpgradeCheck = 1010;
				ORGANIZATIONNAME = "Dani Tox";
				TargetAttributes = {
					DBAF3BFD219C9019003083EA = {
						CreatedOnToolsVersion = 10.1;
						LastSwiftMigration = 1020;
					};
				};
			};
			buildConfigurationList = DBAF3BF9219C9019003083EA /* Build configuration list for PBXProject "SFA" */;
			compatibilityVersion = "Xcode 9.3";
			developmentRegion = en;
			hasScannedForEncodings = 0;
			knownRegions = (
				en,
				Base,
			);
			mainGroup = DBAF3BF5219C9019003083EA;
			productRefGroup = DBAF3BFF219C9019003083EA /* Products */;
			projectDirPath = "";
			projectRoot = "";
			targets = (
				DBAF3BFD219C9019003083EA /* MGS */,
			);
		};
/* End PBXProject section */

/* Begin PBXResourcesBuildPhase section */
		DBAF3BFC219C9019003083EA /* Resources */ = {
			isa = PBXResourcesBuildPhase;
			buildActionMask = 2147483647;
			files = (
				DB4DAC552260FFF700730B2A /* regolaBiennio.json in Resources */,
				DBAAE2B121A5C3FA00211CBF /* NotificheVC.storyboard in Resources */,
				DB53C7AB21E103C90001054B /* verificaMedie.json in Resources */,
				DB4DFBC72272662000FAF396 /* verificaBiennio.json in Resources */,
				DBAAE2AD21A5ACCF00211CBF /* WelcomeVC.storyboard in Resources */,
				DBAF3C0F219C901B003083EA /* LaunchScreen.storyboard in Resources */,
				DB8B4E0C227D962E00AFF716 /* welcomeText.rtf in Resources */,
				DB88DBF721AAF3AD00B0699B /* regolaTriennio.json in Resources */,
				DB4DAC59226124B300730B2A /* regolaMedie.json in Resources */,
				DBAF3C0C219C901B003083EA /* Assets.xcassets in Resources */,
				DBAF3C46219CBF35003083EA /* IQKeyboardManager.bundle in Resources */,
				DB4DFBC92272688800FAF396 /* verificaTriennio.json in Resources */,
			);
			runOnlyForDeploymentPostprocessing = 0;
		};
/* End PBXResourcesBuildPhase section */

/* Begin PBXShellScriptBuildPhase section */
		DB8EC01621EE4475003B2A81 /* ShellScript */ = {
			isa = PBXShellScriptBuildPhase;
			buildActionMask = 2147483647;
			files = (
			);
			inputFileListPaths = (
			);
			inputPaths = (
				"$(SRCROOT)/Frameworks/Carthage/Build/iOS/ColorSlider.framework",
				"$(SRCROOT)/Frameworks/Carthage/Build/iOS/DZNEmptyDataSet.framework",
				"$(SRCROOT)/Frameworks/Carthage/Build/iOS/RealmSwift.framework",
				"$(SRCROOT)/Frameworks/Carthage/Build/iOS/Realm.framework",
				"$(SRCROOT)/Frameworks/Carthage/Build/iOS/QuickLayout.framework",
				"$(SRCROOT)/Frameworks/Carthage/Build/iOS/SwiftEntryKit.framework",
			);
			outputFileListPaths = (
			);
			outputPaths = (
			);
			runOnlyForDeploymentPostprocessing = 0;
			shellPath = /bin/sh;
			shellScript = "# Type a script or drag a script file from your workspace to insert its path.\n/usr/local/bin/carthage copy-frameworks\n";
		};
/* End PBXShellScriptBuildPhase section */

/* Begin PBXSourcesBuildPhase section */
		DBAF3BFA219C9019003083EA /* Sources */ = {
			isa = PBXSourcesBuildPhase;
			buildActionMask = 2147483647;
			files = (
				DBCF2F3C21F79E7E0074E0AF /* SitiListView.swift in Sources */,
				DB217D4D22185124003ED264 /* UIBox.swift in Sources */,
				DB644E4D227513310049CB3B /* RegolaDomandaCell.swift in Sources */,
				DBAF3C4C219CBF35003083EA /* IQUIView+Hierarchy.swift in Sources */,
				DBAF3C02219C9019003083EA /* AppDelegate.swift in Sources */,
				DB88DBDF21A96E6F00B0699B /* HomeViewController.swift in Sources */,
				DB323B15223D521300116FE3 /* SitoWeb.swift in Sources */,
				DB53C78621E0F7E40001054B /* CompagniaAgent.swift in Sources */,
				DB8B8617224D1E7300C58055 /* DatePickerCell.swift in Sources */,
				DB7BEF8D21D0172E007A550E /* URLs.swift in Sources */,
				DBC7F4DC2219AEC500C22945 /* NotificheOnboardingVC.swift in Sources */,
				DBF3A2B421DD81F5008AE7D5 /* TeenStarEditEntryView.swift in Sources */,
				DBAF3C4D219CBF35003083EA /* IQNSArray+Sort.swift in Sources */,
				DB217D4922184FE0003ED264 /* GenderVC.swift in Sources */,
				DB4F3BBC21F5C34C0040F4C4 /* Themes.swift in Sources */,
				DBF3A2AC21DD723B008AE7D5 /* TeenStarListVC.swift in Sources */,
				DBD9011A2235AB9E007F37F0 /* NotesDataSource.swift in Sources */,
				DB53C78221DFCC3D0001054B /* SettingsVC.swift in Sources */,
				DBF5C1A7223443870086E9E7 /* Note.swift in Sources */,
				DBF5C1A522330D070086E9E7 /* RegolaVita.swift in Sources */,
				DB53C7AD21E3D8380001054B /* CompagniaDomandaCell.swift in Sources */,
				DB217D5222188C2D003ED264 /* Coordinator.swift in Sources */,
				DBAF3C1E219C9478003083EA /* Protocolli.swift in Sources */,
				DBC42ED6227C704A006FDAFE /* TeenStarListFemminaCell.swift in Sources */,
				DBAF3C4A219CBF35003083EA /* IQUIViewController+Additions.swift in Sources */,
				DBAAE2BB21A5D26800211CBF /* WelcomeVC.swift in Sources */,
				DBCF2F3A21F79E410074E0AF /* SitiVC.swift in Sources */,
				DB2C316321AC88E20009EC14 /* EditRispostaVC.swift in Sources */,
				DB217D4B2218500B003ED264 /* GenderVCView.swift in Sources */,
				DB53AB8C21DACA34001961EC /* ColorSliderAlert.swift in Sources */,
				DBC7F4DF2219AFA900C22945 /* HomeView.swift in Sources */,
				DB88DBFB21AB2C0D00B0699B /* DomandeView.swift in Sources */,
				DB5751DE21DA719900F97D25 /* TextEditingBottomBar.swift in Sources */,
				DB32449422469AD100116FE3 /* TeenStarMaschioCell.swift in Sources */,
				DB8B4E0A227D912A00AFF716 /* InfoView.swift in Sources */,
				DBC7F4CB2219898100C22945 /* GradoScuolaVC.swift in Sources */,
				DBC7F4C92218ACAB00C22945 /* OrderedFlowCoordinator.swift in Sources */,
				DBAF3C40219CBF35003083EA /* IQBarButtonItem.swift in Sources */,
				DB4F3BC521F5FBC80040F4C4 /* SwitchCell.swift in Sources */,
				DB323B0C223C4A7C00116FE3 /* VerificaCompagnia.swift in Sources */,
				DBC7F4CD22198A0A00C22945 /* GradoScuolaView.swift in Sources */,
				DBAF3C4B219CBF35003083EA /* IQUITextFieldView+Additions.swift in Sources */,
				DB88DBEB21A975C100B0699B /* FadeTransition.swift in Sources */,
				DBAAE2AF21A5B3B000211CBF /* WelcomePageVC.swift in Sources */,
				DBCF2F3E21F7BC410074E0AF /* SitiDataSource.swift in Sources */,
				DB67643D21F636D300651AD8 /* SitiMaterialiRequest.swift in Sources */,
				DBE6070721F261BD00E10422 /* UIBouncyButton.swift in Sources */,
				DB53C77921DEC57E0001054B /* CicloColorCollectionCell.swift in Sources */,
				DB67644121F6389000651AD8 /* SitiNetworkResponse.swift in Sources */,
				DBFA57442279CFC100D60E8E /* TeenStarFemminaCell.swift in Sources */,
				DB7BEF8B21D01670007A550E /* NetworkAgent.swift in Sources */,
				DBCE9ED021EFB247005B286A /* VerificaCompagniaDataSource.swift in Sources */,
				DB53C78021DFCBF90001054B /* SettingsView.swift in Sources */,
				DB88DBEC21A975C100B0699B /* TimerEx.swift in Sources */,
				DBDC3B30225B9CC600D019EA /* RiassuntoView.swift in Sources */,
				DB19C67F21E2870B0020357D /* VerificaCompagniaVC.swift in Sources */,
				DB75F2EC225D2EE700EB62DF /* RiassuntoRDVDataSource.swift in Sources */,
				DBAF3C44219CBF35003083EA /* IQKeyboardManagerConstantsInternal.swift in Sources */,
				DB88DBFF21AB315200B0699B /* RegolaCategorieVC.swift in Sources */,
				DBAF3C48219CBF35003083EA /* IQKeyboardManager.swift in Sources */,
				DB8B4E08227D911000AFF716 /* InfoVC.swift in Sources */,
				DBAAE2B321A5C53700211CBF /* NotificheVC.swift in Sources */,
				DB53C77121DE75E70001054B /* EmozioneTableViewCell.swift in Sources */,
				DB217D4F2218557D003ED264 /* GenderBox.swift in Sources */,
				DBAF3C47219CBF35003083EA /* IQKeyboardReturnKeyHandler.swift in Sources */,
				DB22DA9121C03A9200E6497D /* NoteVC.swift in Sources */,
				DB88DBE821A975C100B0699B /* SpinerLayer.swift in Sources */,
				DB217D5422188D9E003ED264 /* OnboardingCoordinator.swift in Sources */,
				DB5751DC21DA651C00F97D25 /* BoldCell.swift in Sources */,
				DBF3A2B221DD81D1008AE7D5 /* TeenStarEditEntryVC.swift in Sources */,
				DB88DBE921A975C100B0699B /* CGRectEx.swift in Sources */,
				DB88DBEE21A97F4400B0699B /* RootAppTabBarController.swift in Sources */,
				DBDC3B32225BA88900D019EA /* RiassuntoVC.swift in Sources */,
				DBBE6FC621F8EEA80001875A /* TextCell.swift in Sources */,
				DBD1DA3021CFE35100BFFBA5 /* LoginView.swift in Sources */,
				DB22DA8F21C03A6300E6497D /* NoteView.swift in Sources */,
				DB53C76D21DE69620001054B /* EmozioneButton.swift in Sources */,
				DB0D49EC21DFF13000887D3B /* SettingsUserCell.swift in Sources */,
				DBAF3C42219CBF35003083EA /* IQUIView+IQKeyboardToolbar.swift in Sources */,
				DBAF3C19219C9203003083EA /* Costanti.swift in Sources */,
				DBAF3C3E219CBF35003083EA /* IQPreviousNextView.swift in Sources */,
				DB7BEF8921D01442007A550E /* User.swift in Sources */,
				DB323B0F223C56BB00116FE3 /* TeenStar.swift in Sources */,
				DBF67B242205B293002CF893 /* SitiPreghiereRequest.swift in Sources */,
				DB22DA8D21C02F9500E6497D /* DatePickerModel.swift in Sources */,
				DB9A19BF21D5148E00C05755 /* NoteListVC.swift in Sources */,
				DB325EE121D5033C009ADEFC /* RotationLogicNavigationController.swift in Sources */,
				DBAAE2BD21A5E9DA00211CBF /* CircularThings.swift in Sources */,
				DBAF3C3D219CBF35003083EA /* IQTextView.swift in Sources */,
				DB61DA1321B5B9ED006B308B /* RegolaFetcherModel.swift in Sources */,
				DBAF3C43219CBF35003083EA /* IQInvocation.swift in Sources */,
				DB2C316121AC87580009EC14 /* EditRispostaView.swift in Sources */,
				DBDC3B2D225B988200D019EA /* HeaderView.swift in Sources */,
				DBAF3C0A219C9019003083EA /* SFA.xcdatamodeld in Sources */,
				DBAF3C45219CBF35003083EA /* IQKeyboardManagerConstants.swift in Sources */,
				DB4F3BBE21F5CE220040F4C4 /* BasicCell.swift in Sources */,
				DB61DA1B21B9C834006B308B /* SocialView.swift in Sources */,
				DB61DA1521B9BA81006B308B /* SitoView.swift in Sources */,
				DB4F3BC321F5F2D90040F4C4 /* ThemedNavigationController.swift in Sources */,
				DB61DA1921B9C81E006B308B /* SocialVC.swift in Sources */,
				DBFE97FA21D57CD500E82803 /* NoteModel.swift in Sources */,
				DB7BEF8F21D01920007A550E /* ToxNetworkResponse.swift in Sources */,
				DB7BEF8721D006A0007A550E /* KeychainWrapper.swift in Sources */,
				DB88DBF921AB2BE000B0699B /* DomandeVC.swift in Sources */,
				DB88DC0121AB318400B0699B /* RegoleCategorieView.swift in Sources */,
				DB67644321F63CC400651AD8 /* SitiAgentModel.swift in Sources */,
				DB9A19C121D514A900C05755 /* NoteListView.swift in Sources */,
				DB53C76F21DE699B0001054B /* Emozione.swift in Sources */,
				DB19C68121E2877F0020357D /* VerificaCompagniaView.swift in Sources */,
				DBAF3C24219C9F6A003083EA /* Extensions.swift in Sources */,
				DBF3A2B021DD73D0008AE7D5 /* TeenStarModel.swift in Sources */,
				DB323B13223D35FB00116FE3 /* TeenStarListSource.swift in Sources */,
				DBCF2F4021F7C5050074E0AF /* SitoCell.swift in Sources */,
				DBAF3C49219CBF35003083EA /* IQUIScrollView+Additions.swift in Sources */,
				DBBBDC5021F5016D00C9F54A /* BouncyView.swift in Sources */,
				DB67643421F631A200651AD8 /* SitiNetworkAgentModel.swift in Sources */,
				DB325EDF21D422D7009ADEFC /* RegisterView.swift in Sources */,
				DB88DBEA21A975C100B0699B /* TransitionSubmitButton.swift in Sources */,
				DB323B11223C645800116FE3 /* TeenStarDataSource.swift in Sources */,
				DB5751E821DA808000F97D25 /* SizeSliderAlert.swift in Sources */,
				DBE6070921F27AA200E10422 /* WelcomeView.swift in Sources */,
				DB7BEF9121D02128007A550E /* ToxNetworkRequest.swift in Sources */,
				DB75F2EF225D3C0300EB62DF /* DebugVC.swift in Sources */,
				DB7BEF8621D006A0007A550E /* KeychainItemAccessibility.swift in Sources */,
				DBAF3C3F219CBF35003083EA /* IQTitleBarButtonItem.swift in Sources */,
				DBAF3C41219CBF35003083EA /* IQToolbar.swift in Sources */,
			);
			runOnlyForDeploymentPostprocessing = 0;
		};
/* End PBXSourcesBuildPhase section */

/* Begin PBXVariantGroup section */
		DBAF3C0D219C901B003083EA /* LaunchScreen.storyboard */ = {
			isa = PBXVariantGroup;
			children = (
				DBAF3C0E219C901B003083EA /* Base */,
			);
			name = LaunchScreen.storyboard;
			sourceTree = "<group>";
		};
/* End PBXVariantGroup section */

/* Begin XCBuildConfiguration section */
		DBAF3C11219C901B003083EA /* Debug */ = {
			isa = XCBuildConfiguration;
			buildSettings = {
				ALWAYS_SEARCH_USER_PATHS = NO;
				CLANG_ANALYZER_NONNULL = YES;
				CLANG_ANALYZER_NUMBER_OBJECT_CONVERSION = YES_AGGRESSIVE;
				CLANG_CXX_LANGUAGE_STANDARD = "gnu++14";
				CLANG_CXX_LIBRARY = "libc++";
				CLANG_ENABLE_MODULES = YES;
				CLANG_ENABLE_OBJC_ARC = YES;
				CLANG_ENABLE_OBJC_WEAK = YES;
				CLANG_WARN_BLOCK_CAPTURE_AUTORELEASING = YES;
				CLANG_WARN_BOOL_CONVERSION = YES;
				CLANG_WARN_COMMA = YES;
				CLANG_WARN_CONSTANT_CONVERSION = YES;
				CLANG_WARN_DEPRECATED_OBJC_IMPLEMENTATIONS = YES;
				CLANG_WARN_DIRECT_OBJC_ISA_USAGE = YES_ERROR;
				CLANG_WARN_DOCUMENTATION_COMMENTS = YES;
				CLANG_WARN_EMPTY_BODY = YES;
				CLANG_WARN_ENUM_CONVERSION = YES;
				CLANG_WARN_INFINITE_RECURSION = YES;
				CLANG_WARN_INT_CONVERSION = YES;
				CLANG_WARN_NON_LITERAL_NULL_CONVERSION = YES;
				CLANG_WARN_OBJC_IMPLICIT_RETAIN_SELF = YES;
				CLANG_WARN_OBJC_LITERAL_CONVERSION = YES;
				CLANG_WARN_OBJC_ROOT_CLASS = YES_ERROR;
				CLANG_WARN_RANGE_LOOP_ANALYSIS = YES;
				CLANG_WARN_STRICT_PROTOTYPES = YES;
				CLANG_WARN_SUSPICIOUS_MOVE = YES;
				CLANG_WARN_UNGUARDED_AVAILABILITY = YES_AGGRESSIVE;
				CLANG_WARN_UNREACHABLE_CODE = YES;
				CLANG_WARN__DUPLICATE_METHOD_MATCH = YES;
				CODE_SIGN_IDENTITY = "iPhone Developer";
				COPY_PHASE_STRIP = NO;
				DEBUG_INFORMATION_FORMAT = dwarf;
				ENABLE_STRICT_OBJC_MSGSEND = YES;
				ENABLE_TESTABILITY = YES;
				GCC_C_LANGUAGE_STANDARD = gnu11;
				GCC_DYNAMIC_NO_PIC = NO;
				GCC_NO_COMMON_BLOCKS = YES;
				GCC_OPTIMIZATION_LEVEL = 0;
				GCC_PREPROCESSOR_DEFINITIONS = (
					"DEBUG=1",
					"$(inherited)",
				);
				GCC_WARN_64_TO_32_BIT_CONVERSION = YES;
				GCC_WARN_ABOUT_RETURN_TYPE = YES_ERROR;
				GCC_WARN_UNDECLARED_SELECTOR = YES;
				GCC_WARN_UNINITIALIZED_AUTOS = YES_AGGRESSIVE;
				GCC_WARN_UNUSED_FUNCTION = YES;
				GCC_WARN_UNUSED_VARIABLE = YES;
				IPHONEOS_DEPLOYMENT_TARGET = 12.1;
				MTL_ENABLE_DEBUG_INFO = INCLUDE_SOURCE;
				MTL_FAST_MATH = YES;
				ONLY_ACTIVE_ARCH = YES;
				SDKROOT = iphoneos;
				SWIFT_ACTIVE_COMPILATION_CONDITIONS = DEBUG;
				SWIFT_OPTIMIZATION_LEVEL = "-Onone";
			};
			name = Debug;
		};
		DBAF3C12219C901B003083EA /* Release */ = {
			isa = XCBuildConfiguration;
			buildSettings = {
				ALWAYS_SEARCH_USER_PATHS = NO;
				CLANG_ANALYZER_NONNULL = YES;
				CLANG_ANALYZER_NUMBER_OBJECT_CONVERSION = YES_AGGRESSIVE;
				CLANG_CXX_LANGUAGE_STANDARD = "gnu++14";
				CLANG_CXX_LIBRARY = "libc++";
				CLANG_ENABLE_MODULES = YES;
				CLANG_ENABLE_OBJC_ARC = YES;
				CLANG_ENABLE_OBJC_WEAK = YES;
				CLANG_WARN_BLOCK_CAPTURE_AUTORELEASING = YES;
				CLANG_WARN_BOOL_CONVERSION = YES;
				CLANG_WARN_COMMA = YES;
				CLANG_WARN_CONSTANT_CONVERSION = YES;
				CLANG_WARN_DEPRECATED_OBJC_IMPLEMENTATIONS = YES;
				CLANG_WARN_DIRECT_OBJC_ISA_USAGE = YES_ERROR;
				CLANG_WARN_DOCUMENTATION_COMMENTS = YES;
				CLANG_WARN_EMPTY_BODY = YES;
				CLANG_WARN_ENUM_CONVERSION = YES;
				CLANG_WARN_INFINITE_RECURSION = YES;
				CLANG_WARN_INT_CONVERSION = YES;
				CLANG_WARN_NON_LITERAL_NULL_CONVERSION = YES;
				CLANG_WARN_OBJC_IMPLICIT_RETAIN_SELF = YES;
				CLANG_WARN_OBJC_LITERAL_CONVERSION = YES;
				CLANG_WARN_OBJC_ROOT_CLASS = YES_ERROR;
				CLANG_WARN_RANGE_LOOP_ANALYSIS = YES;
				CLANG_WARN_STRICT_PROTOTYPES = YES;
				CLANG_WARN_SUSPICIOUS_MOVE = YES;
				CLANG_WARN_UNGUARDED_AVAILABILITY = YES_AGGRESSIVE;
				CLANG_WARN_UNREACHABLE_CODE = YES;
				CLANG_WARN__DUPLICATE_METHOD_MATCH = YES;
				CODE_SIGN_IDENTITY = "iPhone Developer";
				COPY_PHASE_STRIP = NO;
				DEBUG_INFORMATION_FORMAT = "dwarf-with-dsym";
				ENABLE_NS_ASSERTIONS = NO;
				ENABLE_STRICT_OBJC_MSGSEND = YES;
				GCC_C_LANGUAGE_STANDARD = gnu11;
				GCC_NO_COMMON_BLOCKS = YES;
				GCC_WARN_64_TO_32_BIT_CONVERSION = YES;
				GCC_WARN_ABOUT_RETURN_TYPE = YES_ERROR;
				GCC_WARN_UNDECLARED_SELECTOR = YES;
				GCC_WARN_UNINITIALIZED_AUTOS = YES_AGGRESSIVE;
				GCC_WARN_UNUSED_FUNCTION = YES;
				GCC_WARN_UNUSED_VARIABLE = YES;
				IPHONEOS_DEPLOYMENT_TARGET = 12.1;
				MTL_ENABLE_DEBUG_INFO = NO;
				MTL_FAST_MATH = YES;
				SDKROOT = iphoneos;
				SWIFT_COMPILATION_MODE = wholemodule;
				SWIFT_OPTIMIZATION_LEVEL = "-O";
				VALIDATE_PRODUCT = YES;
			};
			name = Release;
		};
		DBAF3C14219C901B003083EA /* Debug */ = {
			isa = XCBuildConfiguration;
			buildSettings = {
				ASSETCATALOG_COMPILER_APPICON_NAME = AppIcon;
				CODE_SIGN_STYLE = Automatic;
				DEVELOPMENT_TEAM = R779A64KR9;
				FRAMEWORK_SEARCH_PATHS = (
					"$(inherited)",
					"$(PROJECT_DIR)/Frameworks",
					"$(PROJECT_DIR)/Frameworks/Carthage/Build/iOS",
				);
				INFOPLIST_FILE = "$(SRCROOT)/SFA/Supporting Files/Info.plist";
				IPHONEOS_DEPLOYMENT_TARGET = 11.0;
				LD_RUNPATH_SEARCH_PATHS = (
					"$(inherited)",
					"@executable_path/Frameworks",
				);
				PRODUCT_BUNDLE_IDENTIFIER = com.danitox.igio;
				PRODUCT_NAME = "$(TARGET_NAME)";
				SWIFT_VERSION = 4.2;
				TARGETED_DEVICE_FAMILY = "1,2";
			};
			name = Debug;
		};
		DBAF3C15219C901B003083EA /* Release */ = {
			isa = XCBuildConfiguration;
			buildSettings = {
				ASSETCATALOG_COMPILER_APPICON_NAME = AppIcon;
				CODE_SIGN_STYLE = Automatic;
				DEVELOPMENT_TEAM = R779A64KR9;
				FRAMEWORK_SEARCH_PATHS = (
					"$(inherited)",
					"$(PROJECT_DIR)/Frameworks",
					"$(PROJECT_DIR)/Frameworks/Carthage/Build/iOS",
				);
				INFOPLIST_FILE = "$(SRCROOT)/SFA/Supporting Files/Info.plist";
				IPHONEOS_DEPLOYMENT_TARGET = 11.0;
				LD_RUNPATH_SEARCH_PATHS = (
					"$(inherited)",
					"@executable_path/Frameworks",
				);
				PRODUCT_BUNDLE_IDENTIFIER = com.danitox.igio;
				PRODUCT_NAME = "$(TARGET_NAME)";
				SWIFT_VERSION = 4.2;
				TARGETED_DEVICE_FAMILY = "1,2";
			};
			name = Release;
		};
/* End XCBuildConfiguration section */

/* Begin XCConfigurationList section */
		DBAF3BF9219C9019003083EA /* Build configuration list for PBXProject "SFA" */ = {
			isa = XCConfigurationList;
			buildConfigurations = (
				DBAF3C11219C901B003083EA /* Debug */,
				DBAF3C12219C901B003083EA /* Release */,
			);
			defaultConfigurationIsVisible = 0;
			defaultConfigurationName = Release;
		};
		DBAF3C13219C901B003083EA /* Build configuration list for PBXNativeTarget "MGS" */ = {
			isa = XCConfigurationList;
			buildConfigurations = (
				DBAF3C14219C901B003083EA /* Debug */,
				DBAF3C15219C901B003083EA /* Release */,
			);
			defaultConfigurationIsVisible = 0;
			defaultConfigurationName = Release;
		};
/* End XCConfigurationList section */

/* Begin XCVersionGroup section */
		DBAF3C08219C9019003083EA /* SFA.xcdatamodeld */ = {
			isa = XCVersionGroup;
			children = (
				DBAF3C09219C9019003083EA /* SFA.xcdatamodel */,
			);
			currentVersion = DBAF3C09219C9019003083EA /* SFA.xcdatamodel */;
			path = SFA.xcdatamodeld;
			sourceTree = "<group>";
			versionGroupType = wrapper.xcdatamodel;
		};
/* End XCVersionGroup section */
	};
	rootObject = DBAF3BF6219C9019003083EA /* Project object */;
}
